// !$*UTF8*$!
{
	archiveVersion = 1;
	classes = {
	};
	objectVersion = 46;
	objects = {

/* Begin PBXBuildFile section */
		830778E31AD2E7920047F8E6 /* InfinitFileSystemError.h in Headers */ = {isa = PBXBuildFile; fileRef = 830778E11AD2E7920047F8E6 /* InfinitFileSystemError.h */; settings = {ATTRIBUTES = (Public, ); }; };
		830778E41AD2E7920047F8E6 /* InfinitFileSystemError.m in Sources */ = {isa = PBXBuildFile; fileRef = 830778E21AD2E7920047F8E6 /* InfinitFileSystemError.m */; };
		830778F41AD2EAC10047F8E6 /* InfinitFileSystemError.h in Headers */ = {isa = PBXBuildFile; fileRef = 830778E11AD2E7920047F8E6 /* InfinitFileSystemError.h */; settings = {ATTRIBUTES = (Public, ); }; };
		830778F51AD2EACD0047F8E6 /* InfinitFileSystemError.m in Sources */ = {isa = PBXBuildFile; fileRef = 830778E21AD2E7920047F8E6 /* InfinitFileSystemError.m */; };
		830AD1DF1A6A8D2400E2B058 /* InfinitTime.h in Headers */ = {isa = PBXBuildFile; fileRef = 830AD1DD1A6A8D2400E2B058 /* InfinitTime.h */; settings = {ATTRIBUTES = (Public, ); }; };
		830AD1E01A6A8D2400E2B058 /* InfinitTime.m in Sources */ = {isa = PBXBuildFile; fileRef = 830AD1DE1A6A8D2400E2B058 /* InfinitTime.m */; };
		830AD1E31A6A943D00E2B058 /* InfinitDataSize.h in Headers */ = {isa = PBXBuildFile; fileRef = 830AD1E11A6A943D00E2B058 /* InfinitDataSize.h */; settings = {ATTRIBUTES = (Public, ); }; };
		830AD1E41A6A943D00E2B058 /* InfinitDataSize.m in Sources */ = {isa = PBXBuildFile; fileRef = 830AD1E21A6A943D00E2B058 /* InfinitDataSize.m */; };
		83157EEF1A73D84800F8E87F /* InfinitDirectoryManager.h in Headers */ = {isa = PBXBuildFile; fileRef = 83157EED1A73D84800F8E87F /* InfinitDirectoryManager.h */; settings = {ATTRIBUTES = (Public, ); }; };
		83157EF01A73D84800F8E87F /* InfinitDirectoryManager.mm in Sources */ = {isa = PBXBuildFile; fileRef = 83157EEE1A73D84800F8E87F /* InfinitDirectoryManager.mm */; };
		83376F191AEFC2C80001A61E /* InfinitKeychain.h in Headers */ = {isa = PBXBuildFile; fileRef = 836405ED1AB88DE9005CC50C /* InfinitKeychain.h */; settings = {ATTRIBUTES = (Public, ); }; };
		83376F1A1AEFC2DD0001A61E /* InfinitKeychain.m in Sources */ = {isa = PBXBuildFile; fileRef = 836405EE1AB88DE9005CC50C /* InfinitKeychain.m */; };
		83568D9F1A136DEE00766DA3 /* InfinitStateWrapper.mm in Sources */ = {isa = PBXBuildFile; fileRef = 83568D9E1A136DEE00766DA3 /* InfinitStateWrapper.mm */; };
		83568DA41A136DF600766DA3 /* InfinitUser.m in Sources */ = {isa = PBXBuildFile; fileRef = 83568DA11A136DF600766DA3 /* InfinitUser.m */; };
		83568DA51A136DF600766DA3 /* InfinitUserManager.mm in Sources */ = {isa = PBXBuildFile; fileRef = 83568DA31A136DF600766DA3 /* InfinitUserManager.mm */; };
		83568DAA1A136DFF00766DA3 /* InfinitPeerTransaction.m in Sources */ = {isa = PBXBuildFile; fileRef = 83568DA71A136DFF00766DA3 /* InfinitPeerTransaction.m */; };
		83568DAB1A136DFF00766DA3 /* InfinitPeerTransactionManager.mm in Sources */ = {isa = PBXBuildFile; fileRef = 83568DA91A136DFF00766DA3 /* InfinitPeerTransactionManager.mm */; };
		83568DB01A136E1000766DA3 /* InfinitStateManager.mm in Sources */ = {isa = PBXBuildFile; fileRef = 83568DAD1A136E1000766DA3 /* InfinitStateManager.mm */; };
		83568DB11A136E1000766DA3 /* InfinitStateResult.m in Sources */ = {isa = PBXBuildFile; fileRef = 83568DAF1A136E1000766DA3 /* InfinitStateResult.m */; };
		836D394F1A67F19200892206 /* NSString+email.h in Headers */ = {isa = PBXBuildFile; fileRef = 836D394D1A67F19200892206 /* NSString+email.h */; settings = {ATTRIBUTES = (Public, ); }; };
		836D39501A67F19200892206 /* NSString+email.m in Sources */ = {isa = PBXBuildFile; fileRef = 836D394E1A67F19200892206 /* NSString+email.m */; };
		836D39851A690DFF00892206 /* libCrashReporter-iphoneos.a in Frameworks */ = {isa = PBXBuildFile; fileRef = 836D39841A690DFF00892206 /* libCrashReporter-iphoneos.a */; };
		836D398A1A690E2A00892206 /* InfinitCrashReporter.h in Headers */ = {isa = PBXBuildFile; fileRef = 836D39881A690E2A00892206 /* InfinitCrashReporter.h */; settings = {ATTRIBUTES = (Public, ); }; };
		836D398B1A690E2A00892206 /* InfinitCrashReporter.mm in Sources */ = {isa = PBXBuildFile; fileRef = 836D39891A690E2A00892206 /* InfinitCrashReporter.mm */; };
		836D39A51A694E5500892206 /* InfinitLogManager.h in Headers */ = {isa = PBXBuildFile; fileRef = 836D39A31A694E5500892206 /* InfinitLogManager.h */; };
		836D39A61A694E5500892206 /* InfinitLogManager.mm in Sources */ = {isa = PBXBuildFile; fileRef = 836D39A41A694E5500892206 /* InfinitLogManager.mm */; };
		836F5C7F1A165AE5007C9C4E /* InfinitConnectionManager.h in Headers */ = {isa = PBXBuildFile; fileRef = 836F5C7D1A165AE5007C9C4E /* InfinitConnectionManager.h */; settings = {ATTRIBUTES = (Public, ); }; };
		836F5C801A165AE5007C9C4E /* InfinitConnectionManager.mm in Sources */ = {isa = PBXBuildFile; fileRef = 836F5C7E1A165AE5007C9C4E /* InfinitConnectionManager.mm */; };
		836F5C831A165B48007C9C4E /* InfinitReachability.h in Headers */ = {isa = PBXBuildFile; fileRef = 836F5C811A165B48007C9C4E /* InfinitReachability.h */; };
		836F5C841A165B48007C9C4E /* InfinitReachability.m in Sources */ = {isa = PBXBuildFile; fileRef = 836F5C821A165B48007C9C4E /* InfinitReachability.m */; };
		8372B1641AB3240D00F1B8B8 /* InfinitColor.h in Headers */ = {isa = PBXBuildFile; fileRef = 8372B1621AB3240D00F1B8B8 /* InfinitColor.h */; settings = {ATTRIBUTES = (Public, ); }; };
		8372B1661AB3240D00F1B8B8 /* InfinitColor.m in Sources */ = {isa = PBXBuildFile; fileRef = 8372B1631AB3240D00F1B8B8 /* InfinitColor.m */; };
		8372B2DF1AB3349500F1B8B8 /* libc++.1.dylib in Frameworks */ = {isa = PBXBuildFile; fileRef = 8372B2BE1AB3349500F1B8B8 /* libc++.1.dylib */; };
		8372B2E01AB3349500F1B8B8 /* libc++abi.dylib in Frameworks */ = {isa = PBXBuildFile; fileRef = 8372B2BF1AB3349500F1B8B8 /* libc++abi.dylib */; };
		8372B2E51AB3349500F1B8B8 /* libelle.dylib in Frameworks */ = {isa = PBXBuildFile; fileRef = 8372B2C41AB3349500F1B8B8 /* libelle.dylib */; };
		8372B2E71AB3349500F1B8B8 /* libgap.dylib in Frameworks */ = {isa = PBXBuildFile; fileRef = 8372B2C61AB3349500F1B8B8 /* libgap.dylib */; };
		8372B2F31AB3353B00F1B8B8 /* InfinitAvatarManager.mm in Sources */ = {isa = PBXBuildFile; fileRef = 83FE9C911A1636FF00FC1CFD /* InfinitAvatarManager.mm */; };
		8372B2F41AB3353B00F1B8B8 /* InfinitConnectionStatus.m in Sources */ = {isa = PBXBuildFile; fileRef = 83EBB08B1A93B6E400144BC6 /* InfinitConnectionStatus.m */; };
		8372B2F51AB3353B00F1B8B8 /* InfinitConnectionManager.mm in Sources */ = {isa = PBXBuildFile; fileRef = 836F5C7E1A165AE5007C9C4E /* InfinitConnectionManager.mm */; };
		8372B2F61AB3353B00F1B8B8 /* InfinitReachability.m in Sources */ = {isa = PBXBuildFile; fileRef = 836F5C821A165B48007C9C4E /* InfinitReachability.m */; };
		8372B2F71AB3353B00F1B8B8 /* InfinitCrashReporter.mm in Sources */ = {isa = PBXBuildFile; fileRef = 836D39891A690E2A00892206 /* InfinitCrashReporter.mm */; };
		8372B2F81AB3353B00F1B8B8 /* InfinitDevice.m in Sources */ = {isa = PBXBuildFile; fileRef = 83FB5AAD1AADBB83004D5028 /* InfinitDevice.m */; };
		8372B2F91AB3353B00F1B8B8 /* InfinitDeviceManager.m in Sources */ = {isa = PBXBuildFile; fileRef = 83FB5AB11AADBEDF004D5028 /* InfinitDeviceManager.m */; };
		8372B2FA1AB3353B00F1B8B8 /* InfinitDirectoryManager.mm in Sources */ = {isa = PBXBuildFile; fileRef = 83157EEE1A73D84800F8E87F /* InfinitDirectoryManager.mm */; };
		8372B2FB1AB3353B00F1B8B8 /* InfinitFeaturesManager.mm in Sources */ = {isa = PBXBuildFile; fileRef = 83F35D0C1A1CF08F00DF7F35 /* InfinitFeaturesManager.mm */; };
		8372B2FC1AB3353B00F1B8B8 /* InfinitStateManager.mm in Sources */ = {isa = PBXBuildFile; fileRef = 83568DAD1A136E1000766DA3 /* InfinitStateManager.mm */; };
		8372B2FD1AB3353B00F1B8B8 /* InfinitStateResult.m in Sources */ = {isa = PBXBuildFile; fileRef = 83568DAF1A136E1000766DA3 /* InfinitStateResult.m */; };
		8372B2FE1AB3353B00F1B8B8 /* InfinitStateWrapper.mm in Sources */ = {isa = PBXBuildFile; fileRef = 83568D9E1A136DEE00766DA3 /* InfinitStateWrapper.mm */; };
		8372B2FF1AB3353B00F1B8B8 /* InfinitLogManager.mm in Sources */ = {isa = PBXBuildFile; fileRef = 836D39A41A694E5500892206 /* InfinitLogManager.mm */; };
		8372B3001AB3353B00F1B8B8 /* InfinitLinkTransaction.m in Sources */ = {isa = PBXBuildFile; fileRef = 83F72CA81A1513810088106E /* InfinitLinkTransaction.m */; };
		8372B3011AB3353B00F1B8B8 /* InfinitLinkTransactionManager.mm in Sources */ = {isa = PBXBuildFile; fileRef = 83F72CAC1A1513FA0088106E /* InfinitLinkTransactionManager.mm */; };
		8372B3021AB3353B00F1B8B8 /* InfinitPeerTransaction.m in Sources */ = {isa = PBXBuildFile; fileRef = 83568DA71A136DFF00766DA3 /* InfinitPeerTransaction.m */; };
		8372B3031AB3353B00F1B8B8 /* InfinitPeerTransactionManager.mm in Sources */ = {isa = PBXBuildFile; fileRef = 83568DA91A136DFF00766DA3 /* InfinitPeerTransactionManager.mm */; };
		8372B3041AB3353B00F1B8B8 /* InfinitTransaction.m in Sources */ = {isa = PBXBuildFile; fileRef = 83E0AC211A6A61CD003F60C6 /* InfinitTransaction.m */; };
		8372B3051AB3353B00F1B8B8 /* InfinitUser.m in Sources */ = {isa = PBXBuildFile; fileRef = 83568DA11A136DF600766DA3 /* InfinitUser.m */; };
		8372B3061AB3353B00F1B8B8 /* InfinitUserManager.mm in Sources */ = {isa = PBXBuildFile; fileRef = 83568DA31A136DF600766DA3 /* InfinitUserManager.mm */; };
		8372B3071AB3353B00F1B8B8 /* InfinitColor.m in Sources */ = {isa = PBXBuildFile; fileRef = 8372B1631AB3240D00F1B8B8 /* InfinitColor.m */; };
		8372B3081AB3353B00F1B8B8 /* InfinitDataSize.m in Sources */ = {isa = PBXBuildFile; fileRef = 830AD1E21A6A943D00E2B058 /* InfinitDataSize.m */; };
		8372B3091AB3353B00F1B8B8 /* InfinitTime.m in Sources */ = {isa = PBXBuildFile; fileRef = 830AD1DE1A6A8D2400E2B058 /* InfinitTime.m */; };
		8372B30A1AB3353B00F1B8B8 /* NSString+email.m in Sources */ = {isa = PBXBuildFile; fileRef = 836D394E1A67F19200892206 /* NSString+email.m */; };
		8372B30B1AB3353B00F1B8B8 /* NSString+PhoneNumber.m in Sources */ = {isa = PBXBuildFile; fileRef = 83F9628C1AAB10A9003F2DE7 /* NSString+PhoneNumber.m */; };
		8372B30C1AB3354D00F1B8B8 /* InfinitAvatarManager.h in Headers */ = {isa = PBXBuildFile; fileRef = 83FE9C901A1636FF00FC1CFD /* InfinitAvatarManager.h */; settings = {ATTRIBUTES = (Public, ); }; };
		8372B30D1AB3354D00F1B8B8 /* InfinitConnectionStatus.h in Headers */ = {isa = PBXBuildFile; fileRef = 83EBB08A1A93B6E400144BC6 /* InfinitConnectionStatus.h */; settings = {ATTRIBUTES = (Public, ); }; };
		8372B30E1AB3354D00F1B8B8 /* InfinitConnectionManager.h in Headers */ = {isa = PBXBuildFile; fileRef = 836F5C7D1A165AE5007C9C4E /* InfinitConnectionManager.h */; settings = {ATTRIBUTES = (Public, ); }; };
		8372B30F1AB3354D00F1B8B8 /* InfinitReachability.h in Headers */ = {isa = PBXBuildFile; fileRef = 836F5C811A165B48007C9C4E /* InfinitReachability.h */; };
		8372B3101AB3354D00F1B8B8 /* InfinitCrashReporter.h in Headers */ = {isa = PBXBuildFile; fileRef = 836D39881A690E2A00892206 /* InfinitCrashReporter.h */; settings = {ATTRIBUTES = (Public, ); }; };
		8372B3111AB3354D00F1B8B8 /* InfinitDevice.h in Headers */ = {isa = PBXBuildFile; fileRef = 83FB5AAC1AADBB83004D5028 /* InfinitDevice.h */; settings = {ATTRIBUTES = (Public, ); }; };
		8372B3121AB3354D00F1B8B8 /* InfinitDeviceManager.h in Headers */ = {isa = PBXBuildFile; fileRef = 83FB5AB01AADBEDF004D5028 /* InfinitDeviceManager.h */; settings = {ATTRIBUTES = (Public, ); }; };
		8372B3131AB3354D00F1B8B8 /* InfinitDirectoryManager.h in Headers */ = {isa = PBXBuildFile; fileRef = 83157EED1A73D84800F8E87F /* InfinitDirectoryManager.h */; settings = {ATTRIBUTES = (Public, ); }; };
		8372B3151AB3354D00F1B8B8 /* InfinitFeaturesManager.h in Headers */ = {isa = PBXBuildFile; fileRef = 83F35D0B1A1CF08F00DF7F35 /* InfinitFeaturesManager.h */; settings = {ATTRIBUTES = (Public, ); }; };
		8372B3161AB3354D00F1B8B8 /* InfinitStateManager.h in Headers */ = {isa = PBXBuildFile; fileRef = 83568DAC1A136E1000766DA3 /* InfinitStateManager.h */; settings = {ATTRIBUTES = (Public, ); }; };
		8372B3171AB3354D00F1B8B8 /* InfinitStateResult.h in Headers */ = {isa = PBXBuildFile; fileRef = 83568DAE1A136E1000766DA3 /* InfinitStateResult.h */; settings = {ATTRIBUTES = (Public, ); }; };
		8372B3181AB3354D00F1B8B8 /* InfinitStateWrapper.h in Headers */ = {isa = PBXBuildFile; fileRef = 83568D9D1A136DEE00766DA3 /* InfinitStateWrapper.h */; };
		8372B3191AB3354D00F1B8B8 /* InfinitLogManager.h in Headers */ = {isa = PBXBuildFile; fileRef = 836D39A31A694E5500892206 /* InfinitLogManager.h */; };
		8372B31A1AB3354D00F1B8B8 /* InfinitLinkTransaction.h in Headers */ = {isa = PBXBuildFile; fileRef = 83F72CA71A1513810088106E /* InfinitLinkTransaction.h */; settings = {ATTRIBUTES = (Public, ); }; };
		8372B31B1AB3354D00F1B8B8 /* InfinitLinkTransactionManager.h in Headers */ = {isa = PBXBuildFile; fileRef = 83F72CAB1A1513FA0088106E /* InfinitLinkTransactionManager.h */; settings = {ATTRIBUTES = (Public, ); }; };
		8372B31C1AB3354D00F1B8B8 /* InfinitPeerTransaction.h in Headers */ = {isa = PBXBuildFile; fileRef = 83568DA61A136DFF00766DA3 /* InfinitPeerTransaction.h */; settings = {ATTRIBUTES = (Public, ); }; };
		8372B31D1AB3354D00F1B8B8 /* InfinitPeerTransactionManager.h in Headers */ = {isa = PBXBuildFile; fileRef = 83568DA81A136DFF00766DA3 /* InfinitPeerTransactionManager.h */; settings = {ATTRIBUTES = (Public, ); }; };
		8372B31E1AB3354D00F1B8B8 /* InfinitTransaction.h in Headers */ = {isa = PBXBuildFile; fileRef = 83E0AC201A6A61CD003F60C6 /* InfinitTransaction.h */; settings = {ATTRIBUTES = (Public, ); }; };
		8372B31F1AB3354D00F1B8B8 /* InfinitUser.h in Headers */ = {isa = PBXBuildFile; fileRef = 83568DA01A136DF600766DA3 /* InfinitUser.h */; settings = {ATTRIBUTES = (Public, ); }; };
		8372B3201AB3354D00F1B8B8 /* InfinitUserManager.h in Headers */ = {isa = PBXBuildFile; fileRef = 83568DA21A136DF600766DA3 /* InfinitUserManager.h */; settings = {ATTRIBUTES = (Public, ); }; };
		8372B3211AB3354D00F1B8B8 /* InfinitColor.h in Headers */ = {isa = PBXBuildFile; fileRef = 8372B1621AB3240D00F1B8B8 /* InfinitColor.h */; settings = {ATTRIBUTES = (Public, ); }; };
		8372B3221AB3354D00F1B8B8 /* InfinitDataSize.h in Headers */ = {isa = PBXBuildFile; fileRef = 830AD1E11A6A943D00E2B058 /* InfinitDataSize.h */; settings = {ATTRIBUTES = (Public, ); }; };
		8372B3231AB3354D00F1B8B8 /* InfinitTime.h in Headers */ = {isa = PBXBuildFile; fileRef = 830AD1DD1A6A8D2400E2B058 /* InfinitTime.h */; settings = {ATTRIBUTES = (Public, ); }; };
		8372B3241AB3354D00F1B8B8 /* NSString+email.h in Headers */ = {isa = PBXBuildFile; fileRef = 836D394D1A67F19200892206 /* NSString+email.h */; settings = {ATTRIBUTES = (Public, ); }; };
		8372B3251AB3354E00F1B8B8 /* NSString+PhoneNumber.h in Headers */ = {isa = PBXBuildFile; fileRef = 83F9628B1AAB10A9003F2DE7 /* NSString+PhoneNumber.h */; settings = {ATTRIBUTES = (Public, ); }; };
		8372B32B1AB337CE00F1B8B8 /* libCrashReporter-MacOSX-Static.a in Frameworks */ = {isa = PBXBuildFile; fileRef = 83ECE6F51A69618D000081A6 /* libCrashReporter-MacOSX-Static.a */; };
		8396106C1A2479A40044B874 /* InfinitTemporaryFileManager.h in Headers */ = {isa = PBXBuildFile; fileRef = 8396106A1A2479A40044B874 /* InfinitTemporaryFileManager.h */; settings = {ATTRIBUTES = (Public, ); }; };
		8396106D1A2479A40044B874 /* InfinitTemporaryFileManager.mm in Sources */ = {isa = PBXBuildFile; fileRef = 8396106B1A2479A40044B874 /* InfinitTemporaryFileManager.mm */; };
		839610701A2479B50044B874 /* InfinitManagedFiles.h in Headers */ = {isa = PBXBuildFile; fileRef = 8396106E1A2479B50044B874 /* InfinitManagedFiles.h */; };
		839610711A2479B50044B874 /* InfinitManagedFiles.m in Sources */ = {isa = PBXBuildFile; fileRef = 8396106F1A2479B50044B874 /* InfinitManagedFiles.m */; };
		839716BE1ACC0AAA00357702 /* InfinitDeviceInformation.h in Headers */ = {isa = PBXBuildFile; fileRef = 839716BC1ACC0AAA00357702 /* InfinitDeviceInformation.h */; };
		839716BF1ACC0AAA00357702 /* InfinitDeviceInformation.m in Sources */ = {isa = PBXBuildFile; fileRef = 839716BD1ACC0AAA00357702 /* InfinitDeviceInformation.m */; };
		839716CF1ACC0DA100357702 /* InfinitDeviceInformation.m in Sources */ = {isa = PBXBuildFile; fileRef = 839716BD1ACC0AAA00357702 /* InfinitDeviceInformation.m */; };
		839716D01ACC0DAD00357702 /* InfinitDeviceInformation.h in Headers */ = {isa = PBXBuildFile; fileRef = 839716BC1ACC0AAA00357702 /* InfinitDeviceInformation.h */; };
		83A7599C1AE4F1E70026FB26 /* InfinitThreadSafeDictionary.h in Headers */ = {isa = PBXBuildFile; fileRef = 83A7599A1AE4F1E70026FB26 /* InfinitThreadSafeDictionary.h */; };
		83A7599D1AE4F1E70026FB26 /* InfinitThreadSafeDictionary.h in Headers */ = {isa = PBXBuildFile; fileRef = 83A7599A1AE4F1E70026FB26 /* InfinitThreadSafeDictionary.h */; };
		83A7599E1AE4F1E70026FB26 /* InfinitThreadSafeDictionary.m in Sources */ = {isa = PBXBuildFile; fileRef = 83A7599B1AE4F1E70026FB26 /* InfinitThreadSafeDictionary.m */; };
		83A7599F1AE4F1E70026FB26 /* InfinitThreadSafeDictionary.m in Sources */ = {isa = PBXBuildFile; fileRef = 83A7599B1AE4F1E70026FB26 /* InfinitThreadSafeDictionary.m */; };
		83B4BBC71AB765E9004B8E76 /* libtransaction.dylib in Frameworks */ = {isa = PBXBuildFile; fileRef = 83B4BBC61AB765E9004B8E76 /* libtransaction.dylib */; };
		83C06D6B1AEE324100761237 /* NSString+UUID.h in Headers */ = {isa = PBXBuildFile; fileRef = 83C06D691AEE324000761237 /* NSString+UUID.h */; };
		83C06D6C1AEE324100761237 /* NSString+UUID.h in Headers */ = {isa = PBXBuildFile; fileRef = 83C06D691AEE324000761237 /* NSString+UUID.h */; };
		83C06D6D1AEE324100761237 /* NSString+UUID.m in Sources */ = {isa = PBXBuildFile; fileRef = 83C06D6A1AEE324000761237 /* NSString+UUID.m */; };
		83C06D6E1AEE324100761237 /* NSString+UUID.m in Sources */ = {isa = PBXBuildFile; fileRef = 83C06D6A1AEE324000761237 /* NSString+UUID.m */; };
		83E0AC221A6A61CD003F60C6 /* InfinitTransaction.h in Headers */ = {isa = PBXBuildFile; fileRef = 83E0AC201A6A61CD003F60C6 /* InfinitTransaction.h */; settings = {ATTRIBUTES = (Public, ); }; };
		83E0AC231A6A61CD003F60C6 /* InfinitTransaction.m in Sources */ = {isa = PBXBuildFile; fileRef = 83E0AC211A6A61CD003F60C6 /* InfinitTransaction.m */; };
		83EAE9791AF15624009D2886 /* libmetaclient.dylib in Frameworks */ = {isa = PBXBuildFile; fileRef = 83EAE9781AF15624009D2886 /* libmetaclient.dylib */; };
		83EBB08C1A93B6E400144BC6 /* InfinitConnectionStatus.h in Headers */ = {isa = PBXBuildFile; fileRef = 83EBB08A1A93B6E400144BC6 /* InfinitConnectionStatus.h */; settings = {ATTRIBUTES = (Public, ); }; };
		83EBB08D1A93B6E400144BC6 /* InfinitConnectionStatus.m in Sources */ = {isa = PBXBuildFile; fileRef = 83EBB08B1A93B6E400144BC6 /* InfinitConnectionStatus.m */; };
		83EE4CBE1AC58A40006292C8 /* InfinitStoredMutableDictionary.h in Headers */ = {isa = PBXBuildFile; fileRef = 83EE4CBC1AC58A40006292C8 /* InfinitStoredMutableDictionary.h */; };
		83EE4CBF1AC58A40006292C8 /* InfinitStoredMutableDictionary.m in Sources */ = {isa = PBXBuildFile; fileRef = 83EE4CBD1AC58A40006292C8 /* InfinitStoredMutableDictionary.m */; };
		83F35D0D1A1CF08F00DF7F35 /* InfinitFeaturesManager.h in Headers */ = {isa = PBXBuildFile; fileRef = 83F35D0B1A1CF08F00DF7F35 /* InfinitFeaturesManager.h */; };
		83F35D0E1A1CF08F00DF7F35 /* InfinitFeaturesManager.mm in Sources */ = {isa = PBXBuildFile; fileRef = 83F35D0C1A1CF08F00DF7F35 /* InfinitFeaturesManager.mm */; };
		83F4D0131A136E3C0068BEB2 /* InfinitStateWrapper.h in Headers */ = {isa = PBXBuildFile; fileRef = 83568D9D1A136DEE00766DA3 /* InfinitStateWrapper.h */; };
		83F4D0141A136E3C0068BEB2 /* InfinitStateManager.h in Headers */ = {isa = PBXBuildFile; fileRef = 83568DAC1A136E1000766DA3 /* InfinitStateManager.h */; settings = {ATTRIBUTES = (Public, ); }; };
		83F4D0151A136E3C0068BEB2 /* InfinitStateResult.h in Headers */ = {isa = PBXBuildFile; fileRef = 83568DAE1A136E1000766DA3 /* InfinitStateResult.h */; settings = {ATTRIBUTES = (Public, ); }; };
		83F4D0161A136E3C0068BEB2 /* InfinitPeerTransaction.h in Headers */ = {isa = PBXBuildFile; fileRef = 83568DA61A136DFF00766DA3 /* InfinitPeerTransaction.h */; settings = {ATTRIBUTES = (Public, ); }; };
		83F4D0171A136E3C0068BEB2 /* InfinitPeerTransactionManager.h in Headers */ = {isa = PBXBuildFile; fileRef = 83568DA81A136DFF00766DA3 /* InfinitPeerTransactionManager.h */; settings = {ATTRIBUTES = (Public, ); }; };
		83F4D0181A136E3C0068BEB2 /* InfinitUser.h in Headers */ = {isa = PBXBuildFile; fileRef = 83568DA01A136DF600766DA3 /* InfinitUser.h */; settings = {ATTRIBUTES = (Public, ); }; };
		83F4D0191A136E3C0068BEB2 /* InfinitUserManager.h in Headers */ = {isa = PBXBuildFile; fileRef = 83568DA21A136DF600766DA3 /* InfinitUserManager.h */; settings = {ATTRIBUTES = (Public, ); }; };
		83F72CA91A1513810088106E /* InfinitLinkTransaction.h in Headers */ = {isa = PBXBuildFile; fileRef = 83F72CA71A1513810088106E /* InfinitLinkTransaction.h */; settings = {ATTRIBUTES = (Public, ); }; };
		83F72CAA1A1513810088106E /* InfinitLinkTransaction.m in Sources */ = {isa = PBXBuildFile; fileRef = 83F72CA81A1513810088106E /* InfinitLinkTransaction.m */; };
		83F72CAD1A1513FA0088106E /* InfinitLinkTransactionManager.h in Headers */ = {isa = PBXBuildFile; fileRef = 83F72CAB1A1513FA0088106E /* InfinitLinkTransactionManager.h */; settings = {ATTRIBUTES = (Public, ); }; };
		83F72CAE1A1513FA0088106E /* InfinitLinkTransactionManager.mm in Sources */ = {isa = PBXBuildFile; fileRef = 83F72CAC1A1513FA0088106E /* InfinitLinkTransactionManager.mm */; };
		83F9628D1AAB10A9003F2DE7 /* NSString+PhoneNumber.h in Headers */ = {isa = PBXBuildFile; fileRef = 83F9628B1AAB10A9003F2DE7 /* NSString+PhoneNumber.h */; settings = {ATTRIBUTES = (Public, ); }; };
		83F9628E1AAB10A9003F2DE7 /* NSString+PhoneNumber.m in Sources */ = {isa = PBXBuildFile; fileRef = 83F9628C1AAB10A9003F2DE7 /* NSString+PhoneNumber.m */; };
		83FB5AAE1AADBB83004D5028 /* InfinitDevice.h in Headers */ = {isa = PBXBuildFile; fileRef = 83FB5AAC1AADBB83004D5028 /* InfinitDevice.h */; settings = {ATTRIBUTES = (Public, ); }; };
		83FB5AAF1AADBB83004D5028 /* InfinitDevice.m in Sources */ = {isa = PBXBuildFile; fileRef = 83FB5AAD1AADBB83004D5028 /* InfinitDevice.m */; };
		83FB5AB21AADBEDF004D5028 /* InfinitDeviceManager.h in Headers */ = {isa = PBXBuildFile; fileRef = 83FB5AB01AADBEDF004D5028 /* InfinitDeviceManager.h */; settings = {ATTRIBUTES = (Public, ); }; };
		83FB5AB31AADBEDF004D5028 /* InfinitDeviceManager.m in Sources */ = {isa = PBXBuildFile; fileRef = 83FB5AB11AADBEDF004D5028 /* InfinitDeviceManager.m */; };
		83FE9C921A1636FF00FC1CFD /* InfinitAvatarManager.h in Headers */ = {isa = PBXBuildFile; fileRef = 83FE9C901A1636FF00FC1CFD /* InfinitAvatarManager.h */; settings = {ATTRIBUTES = (Public, ); }; };
		83FE9C931A1636FF00FC1CFD /* InfinitAvatarManager.mm in Sources */ = {isa = PBXBuildFile; fileRef = 83FE9C911A1636FF00FC1CFD /* InfinitAvatarManager.mm */; };
/* End PBXBuildFile section */

/* Begin PBXContainerItemProxy section */
		8372B3291AB3375D00F1B8B8 /* PBXContainerItemProxy */ = {
			isa = PBXContainerItemProxy;
			containerPortal = 83ECE6E11A69618C000081A6 /* CrashReporter.xcodeproj */;
			proxyType = 1;
			remoteGlobalIDString = 05E731F20EFA1AAB005EDFB7;
			remoteInfo = "CrashReporter-MacOSX-Static";
		};
		83ECE6F41A69618D000081A6 /* PBXContainerItemProxy */ = {
			isa = PBXContainerItemProxy;
			containerPortal = 83ECE6E11A69618C000081A6 /* CrashReporter.xcodeproj */;
			proxyType = 2;
			remoteGlobalIDString = 05E731F30EFA1AAB005EDFB7;
			remoteInfo = "CrashReporter-MacOSX-Static";
		};
		83ECE6F61A69618D000081A6 /* PBXContainerItemProxy */ = {
			isa = PBXContainerItemProxy;
			containerPortal = 83ECE6E11A69618C000081A6 /* CrashReporter.xcodeproj */;
			proxyType = 2;
			remoteGlobalIDString = 8DC2EF5B0486A6940098B216;
			remoteInfo = "CrashReporter-MacOSX";
		};
		83ECE6F81A69618D000081A6 /* PBXContainerItemProxy */ = {
			isa = PBXContainerItemProxy;
			containerPortal = 83ECE6E11A69618C000081A6 /* CrashReporter.xcodeproj */;
			proxyType = 2;
			remoteGlobalIDString = 058812B91040582D009128FB;
			remoteInfo = "CrashReporter-iOS";
		};
		83ECE6FA1A69618D000081A6 /* PBXContainerItemProxy */ = {
			isa = PBXContainerItemProxy;
			containerPortal = 83ECE6E11A69618C000081A6 /* CrashReporter.xcodeproj */;
			proxyType = 2;
			remoteGlobalIDString = 05CD31520EE936A9000FDE88;
			remoteInfo = "CrashReporter-iOS-Device";
		};
		83ECE6FC1A69618D000081A6 /* PBXContainerItemProxy */ = {
			isa = PBXContainerItemProxy;
			containerPortal = 83ECE6E11A69618C000081A6 /* CrashReporter.xcodeproj */;
			proxyType = 2;
			remoteGlobalIDString = 05CD31630EE93905000FDE88;
			remoteInfo = "CrashReporter-iOS-Simulator";
		};
		83ECE6FE1A69618D000081A6 /* PBXContainerItemProxy */ = {
			isa = PBXContainerItemProxy;
			containerPortal = 83ECE6E11A69618C000081A6 /* CrashReporter.xcodeproj */;
			proxyType = 2;
			remoteGlobalIDString = 05E731E30EFA1A3E005EDFB7;
			remoteInfo = plcrashutil;
		};
		83ECE7001A69618D000081A6 /* PBXContainerItemProxy */ = {
			isa = PBXContainerItemProxy;
			containerPortal = 83ECE6E11A69618C000081A6 /* CrashReporter.xcodeproj */;
			proxyType = 2;
			remoteGlobalIDString = 05CD32690EE93DC3000FDE88;
			remoteInfo = "Tests-MacOSX";
		};
		83ECE7021A69618D000081A6 /* PBXContainerItemProxy */ = {
			isa = PBXContainerItemProxy;
			containerPortal = 83ECE6E11A69618C000081A6 /* CrashReporter.xcodeproj */;
			proxyType = 2;
			remoteGlobalIDString = 05CD32A90EE94062000FDE88;
			remoteInfo = "Tests-iOS-Simulator";
		};
		83ECE7041A69618D000081A6 /* PBXContainerItemProxy */ = {
			isa = PBXContainerItemProxy;
			containerPortal = 83ECE6E11A69618C000081A6 /* CrashReporter.xcodeproj */;
			proxyType = 2;
			remoteGlobalIDString = 05CD33240EE94439000FDE88;
			remoteInfo = "Tests-iOS-Device";
		};
		83ECE7061A69618D000081A6 /* PBXContainerItemProxy */ = {
			isa = PBXContainerItemProxy;
			containerPortal = 83ECE6E11A69618C000081A6 /* CrashReporter.xcodeproj */;
			proxyType = 2;
			remoteGlobalIDString = 05F40CE70EF7AB80008050CF;
			remoteInfo = DemoCrash;
		};
		83ECE7081A69618D000081A6 /* PBXContainerItemProxy */ = {
			isa = PBXContainerItemProxy;
			containerPortal = 83ECE6E11A69618C000081A6 /* CrashReporter.xcodeproj */;
			proxyType = 2;
			remoteGlobalIDString = 052A45CF136353FB00987004;
			remoteInfo = "DemoCrash-iOS-Device";
		};
		83ECE70A1A69618D000081A6 /* PBXContainerItemProxy */ = {
			isa = PBXContainerItemProxy;
			containerPortal = 83ECE6E11A69618C000081A6 /* CrashReporter.xcodeproj */;
			proxyType = 2;
			remoteGlobalIDString = 052A464F136355FD00987004;
			remoteInfo = "DemoCrash-iOS-Simulator";
		};
		83ECE70C1A69618D000081A6 /* PBXContainerItemProxy */ = {
			isa = PBXContainerItemProxy;
			containerPortal = 83ECE6E11A69618C000081A6 /* CrashReporter.xcodeproj */;
			proxyType = 2;
			remoteGlobalIDString = 050DE24D0F61B80B00152ED3;
			remoteInfo = "Fuzz Testing";
		};
/* End PBXContainerItemProxy section */

/* Begin PBXCopyFilesBuildPhase section */
		83568D771A136D7700766DA3 /* CopyFiles */ = {
			isa = PBXCopyFilesBuildPhase;
			buildActionMask = 2147483647;
			dstPath = "include/$(PRODUCT_NAME)";
			dstSubfolderSpec = 16;
			files = (
			);
			runOnlyForDeploymentPostprocessing = 0;
		};
/* End PBXCopyFilesBuildPhase section */

/* Begin PBXFileReference section */
		830778E11AD2E7920047F8E6 /* InfinitFileSystemError.h */ = {isa = PBXFileReference; fileEncoding = 4; lastKnownFileType = sourcecode.c.h; path = InfinitFileSystemError.h; sourceTree = "<group>"; };
		830778E21AD2E7920047F8E6 /* InfinitFileSystemError.m */ = {isa = PBXFileReference; fileEncoding = 4; lastKnownFileType = sourcecode.c.objc; path = InfinitFileSystemError.m; sourceTree = "<group>"; };
		830AD1DD1A6A8D2400E2B058 /* InfinitTime.h */ = {isa = PBXFileReference; fileEncoding = 4; lastKnownFileType = sourcecode.c.h; path = InfinitTime.h; sourceTree = "<group>"; };
		830AD1DE1A6A8D2400E2B058 /* InfinitTime.m */ = {isa = PBXFileReference; fileEncoding = 4; lastKnownFileType = sourcecode.c.objc; path = InfinitTime.m; sourceTree = "<group>"; };
		830AD1E11A6A943D00E2B058 /* InfinitDataSize.h */ = {isa = PBXFileReference; fileEncoding = 4; lastKnownFileType = sourcecode.c.h; path = InfinitDataSize.h; sourceTree = "<group>"; };
		830AD1E21A6A943D00E2B058 /* InfinitDataSize.m */ = {isa = PBXFileReference; fileEncoding = 4; lastKnownFileType = sourcecode.c.objc; path = InfinitDataSize.m; sourceTree = "<group>"; };
		83157EED1A73D84800F8E87F /* InfinitDirectoryManager.h */ = {isa = PBXFileReference; fileEncoding = 4; lastKnownFileType = sourcecode.c.h; path = InfinitDirectoryManager.h; sourceTree = "<group>"; };
		83157EEE1A73D84800F8E87F /* InfinitDirectoryManager.mm */ = {isa = PBXFileReference; fileEncoding = 4; lastKnownFileType = sourcecode.cpp.objcpp; path = InfinitDirectoryManager.mm; sourceTree = "<group>"; };
		83568D791A136D7700766DA3 /* libGap-iOS.a */ = {isa = PBXFileReference; explicitFileType = archive.ar; includeInIndex = 0; path = "libGap-iOS.a"; sourceTree = BUILT_PRODUCTS_DIR; };
		83568D9D1A136DEE00766DA3 /* InfinitStateWrapper.h */ = {isa = PBXFileReference; fileEncoding = 4; lastKnownFileType = sourcecode.c.h; path = InfinitStateWrapper.h; sourceTree = "<group>"; };
		83568D9E1A136DEE00766DA3 /* InfinitStateWrapper.mm */ = {isa = PBXFileReference; fileEncoding = 4; lastKnownFileType = sourcecode.cpp.objcpp; path = InfinitStateWrapper.mm; sourceTree = "<group>"; };
		83568DA01A136DF600766DA3 /* InfinitUser.h */ = {isa = PBXFileReference; fileEncoding = 4; lastKnownFileType = sourcecode.c.h; path = InfinitUser.h; sourceTree = "<group>"; };
		83568DA11A136DF600766DA3 /* InfinitUser.m */ = {isa = PBXFileReference; fileEncoding = 4; lastKnownFileType = sourcecode.c.objc; path = InfinitUser.m; sourceTree = "<group>"; };
		83568DA21A136DF600766DA3 /* InfinitUserManager.h */ = {isa = PBXFileReference; fileEncoding = 4; lastKnownFileType = sourcecode.c.h; path = InfinitUserManager.h; sourceTree = "<group>"; };
		83568DA31A136DF600766DA3 /* InfinitUserManager.mm */ = {isa = PBXFileReference; fileEncoding = 4; lastKnownFileType = sourcecode.cpp.objcpp; path = InfinitUserManager.mm; sourceTree = "<group>"; };
		83568DA61A136DFF00766DA3 /* InfinitPeerTransaction.h */ = {isa = PBXFileReference; fileEncoding = 4; lastKnownFileType = sourcecode.c.h; path = InfinitPeerTransaction.h; sourceTree = "<group>"; };
		83568DA71A136DFF00766DA3 /* InfinitPeerTransaction.m */ = {isa = PBXFileReference; fileEncoding = 4; lastKnownFileType = sourcecode.c.objc; path = InfinitPeerTransaction.m; sourceTree = "<group>"; };
		83568DA81A136DFF00766DA3 /* InfinitPeerTransactionManager.h */ = {isa = PBXFileReference; fileEncoding = 4; lastKnownFileType = sourcecode.c.h; path = InfinitPeerTransactionManager.h; sourceTree = "<group>"; };
		83568DA91A136DFF00766DA3 /* InfinitPeerTransactionManager.mm */ = {isa = PBXFileReference; fileEncoding = 4; lastKnownFileType = sourcecode.cpp.objcpp; path = InfinitPeerTransactionManager.mm; sourceTree = "<group>"; };
		83568DAC1A136E1000766DA3 /* InfinitStateManager.h */ = {isa = PBXFileReference; fileEncoding = 4; lastKnownFileType = sourcecode.c.h; path = InfinitStateManager.h; sourceTree = "<group>"; };
		83568DAD1A136E1000766DA3 /* InfinitStateManager.mm */ = {isa = PBXFileReference; fileEncoding = 4; lastKnownFileType = sourcecode.cpp.objcpp; path = InfinitStateManager.mm; sourceTree = "<group>"; };
		83568DAE1A136E1000766DA3 /* InfinitStateResult.h */ = {isa = PBXFileReference; fileEncoding = 4; lastKnownFileType = sourcecode.c.h; path = InfinitStateResult.h; sourceTree = "<group>"; };
		83568DAF1A136E1000766DA3 /* InfinitStateResult.m */ = {isa = PBXFileReference; fileEncoding = 4; lastKnownFileType = sourcecode.c.objc; path = InfinitStateResult.m; sourceTree = "<group>"; };
		836405ED1AB88DE9005CC50C /* InfinitKeychain.h */ = {isa = PBXFileReference; lastKnownFileType = sourcecode.c.h; path = InfinitKeychain.h; sourceTree = "<group>"; };
		836405EE1AB88DE9005CC50C /* InfinitKeychain.m */ = {isa = PBXFileReference; lastKnownFileType = sourcecode.c.objc; path = InfinitKeychain.m; sourceTree = "<group>"; };
		836D394D1A67F19200892206 /* NSString+email.h */ = {isa = PBXFileReference; fileEncoding = 4; lastKnownFileType = sourcecode.c.h; path = "NSString+email.h"; sourceTree = "<group>"; };
		836D394E1A67F19200892206 /* NSString+email.m */ = {isa = PBXFileReference; fileEncoding = 4; lastKnownFileType = sourcecode.c.objc; path = "NSString+email.m"; sourceTree = "<group>"; };
		836D39841A690DFF00892206 /* libCrashReporter-iphoneos.a */ = {isa = PBXFileReference; lastKnownFileType = archive.ar; name = "libCrashReporter-iphoneos.a"; path = "../../ios/plcrashreporter/build/Debug-iphoneos/libCrashReporter-iphoneos.a"; sourceTree = "<group>"; };
		836D39881A690E2A00892206 /* InfinitCrashReporter.h */ = {isa = PBXFileReference; fileEncoding = 4; lastKnownFileType = sourcecode.c.h; path = InfinitCrashReporter.h; sourceTree = "<group>"; };
		836D39891A690E2A00892206 /* InfinitCrashReporter.mm */ = {isa = PBXFileReference; fileEncoding = 4; lastKnownFileType = sourcecode.cpp.objcpp; path = InfinitCrashReporter.mm; sourceTree = "<group>"; };
		836D39A31A694E5500892206 /* InfinitLogManager.h */ = {isa = PBXFileReference; fileEncoding = 4; lastKnownFileType = sourcecode.c.h; path = InfinitLogManager.h; sourceTree = "<group>"; };
		836D39A41A694E5500892206 /* InfinitLogManager.mm */ = {isa = PBXFileReference; fileEncoding = 4; lastKnownFileType = sourcecode.cpp.objcpp; path = InfinitLogManager.mm; sourceTree = "<group>"; };
		836F5C7D1A165AE5007C9C4E /* InfinitConnectionManager.h */ = {isa = PBXFileReference; fileEncoding = 4; lastKnownFileType = sourcecode.c.h; path = InfinitConnectionManager.h; sourceTree = "<group>"; };
		836F5C7E1A165AE5007C9C4E /* InfinitConnectionManager.mm */ = {isa = PBXFileReference; fileEncoding = 4; lastKnownFileType = sourcecode.cpp.objcpp; path = InfinitConnectionManager.mm; sourceTree = "<group>"; };
		836F5C811A165B48007C9C4E /* InfinitReachability.h */ = {isa = PBXFileReference; fileEncoding = 4; lastKnownFileType = sourcecode.c.h; path = InfinitReachability.h; sourceTree = "<group>"; };
		836F5C821A165B48007C9C4E /* InfinitReachability.m */ = {isa = PBXFileReference; fileEncoding = 4; lastKnownFileType = sourcecode.c.objc; path = InfinitReachability.m; sourceTree = "<group>"; };
		8372B1621AB3240D00F1B8B8 /* InfinitColor.h */ = {isa = PBXFileReference; fileEncoding = 4; lastKnownFileType = sourcecode.c.h; path = InfinitColor.h; sourceTree = "<group>"; };
		8372B1631AB3240D00F1B8B8 /* InfinitColor.m */ = {isa = PBXFileReference; fileEncoding = 4; lastKnownFileType = sourcecode.c.objc; path = InfinitColor.m; sourceTree = "<group>"; };
		8372B2981AB3343100F1B8B8 /* Gap.framework */ = {isa = PBXFileReference; explicitFileType = wrapper.framework; includeInIndex = 0; path = Gap.framework; sourceTree = BUILT_PRODUCTS_DIR; };
		8372B2BE1AB3349500F1B8B8 /* libc++.1.dylib */ = {isa = PBXFileReference; lastKnownFileType = "compiled.mach-o.dylib"; name = "libc++.1.dylib"; path = "../../../_build/macosx64/lib/libc++.1.dylib"; sourceTree = "<group>"; };
		8372B2BF1AB3349500F1B8B8 /* libc++abi.dylib */ = {isa = PBXFileReference; lastKnownFileType = "compiled.mach-o.dylib"; name = "libc++abi.dylib"; path = "../../../_build/macosx64/lib/libc++abi.dylib"; sourceTree = "<group>"; };
		8372B2C41AB3349500F1B8B8 /* libelle.dylib */ = {isa = PBXFileReference; lastKnownFileType = "compiled.mach-o.dylib"; name = libelle.dylib; path = ../../../_build/macosx64/lib/libelle.dylib; sourceTree = "<group>"; };
		8372B2C61AB3349500F1B8B8 /* libgap.dylib */ = {isa = PBXFileReference; lastKnownFileType = "compiled.mach-o.dylib"; name = libgap.dylib; path = ../../../_build/macosx64/lib/libgap.dylib; sourceTree = "<group>"; };
		8396106A1A2479A40044B874 /* InfinitTemporaryFileManager.h */ = {isa = PBXFileReference; fileEncoding = 4; lastKnownFileType = sourcecode.c.h; path = InfinitTemporaryFileManager.h; sourceTree = "<group>"; };
		8396106B1A2479A40044B874 /* InfinitTemporaryFileManager.mm */ = {isa = PBXFileReference; fileEncoding = 4; lastKnownFileType = sourcecode.cpp.objcpp; path = InfinitTemporaryFileManager.mm; sourceTree = "<group>"; };
		8396106E1A2479B50044B874 /* InfinitManagedFiles.h */ = {isa = PBXFileReference; fileEncoding = 4; lastKnownFileType = sourcecode.c.h; path = InfinitManagedFiles.h; sourceTree = "<group>"; };
		8396106F1A2479B50044B874 /* InfinitManagedFiles.m */ = {isa = PBXFileReference; fileEncoding = 4; lastKnownFileType = sourcecode.c.objc; path = InfinitManagedFiles.m; sourceTree = "<group>"; };
		839716BC1ACC0AAA00357702 /* InfinitDeviceInformation.h */ = {isa = PBXFileReference; fileEncoding = 4; lastKnownFileType = sourcecode.c.h; path = InfinitDeviceInformation.h; sourceTree = "<group>"; };
		839716BD1ACC0AAA00357702 /* InfinitDeviceInformation.m */ = {isa = PBXFileReference; fileEncoding = 4; lastKnownFileType = sourcecode.c.objc; path = InfinitDeviceInformation.m; sourceTree = "<group>"; };
		83A7599A1AE4F1E70026FB26 /* InfinitThreadSafeDictionary.h */ = {isa = PBXFileReference; fileEncoding = 4; lastKnownFileType = sourcecode.c.h; path = InfinitThreadSafeDictionary.h; sourceTree = "<group>"; };
		83A7599B1AE4F1E70026FB26 /* InfinitThreadSafeDictionary.m */ = {isa = PBXFileReference; fileEncoding = 4; lastKnownFileType = sourcecode.c.objc; path = InfinitThreadSafeDictionary.m; sourceTree = "<group>"; };
		83B4BBC61AB765E9004B8E76 /* libtransaction.dylib */ = {isa = PBXFileReference; lastKnownFileType = "compiled.mach-o.dylib"; name = libtransaction.dylib; path = ../../../_build/macosx64/lib/libtransaction.dylib; sourceTree = "<group>"; };
		83C06D691AEE324000761237 /* NSString+UUID.h */ = {isa = PBXFileReference; fileEncoding = 4; lastKnownFileType = sourcecode.c.h; path = "NSString+UUID.h"; sourceTree = "<group>"; };
		83C06D6A1AEE324000761237 /* NSString+UUID.m */ = {isa = PBXFileReference; fileEncoding = 4; lastKnownFileType = sourcecode.c.objc; path = "NSString+UUID.m"; sourceTree = "<group>"; };
		83E0AC201A6A61CD003F60C6 /* InfinitTransaction.h */ = {isa = PBXFileReference; fileEncoding = 4; lastKnownFileType = sourcecode.c.h; path = InfinitTransaction.h; sourceTree = "<group>"; };
		83E0AC211A6A61CD003F60C6 /* InfinitTransaction.m */ = {isa = PBXFileReference; fileEncoding = 4; lastKnownFileType = sourcecode.c.objc; path = InfinitTransaction.m; sourceTree = "<group>"; };
		83EAE9781AF15624009D2886 /* libmetaclient.dylib */ = {isa = PBXFileReference; lastKnownFileType = "compiled.mach-o.dylib"; name = libmetaclient.dylib; path = ../../../_build/macosx64/lib/libmetaclient.dylib; sourceTree = "<group>"; };
		83EBB08A1A93B6E400144BC6 /* InfinitConnectionStatus.h */ = {isa = PBXFileReference; fileEncoding = 4; lastKnownFileType = sourcecode.c.h; path = InfinitConnectionStatus.h; sourceTree = "<group>"; };
		83EBB08B1A93B6E400144BC6 /* InfinitConnectionStatus.m */ = {isa = PBXFileReference; fileEncoding = 4; lastKnownFileType = sourcecode.c.objc; path = InfinitConnectionStatus.m; sourceTree = "<group>"; };
		83ECE6E11A69618C000081A6 /* CrashReporter.xcodeproj */ = {isa = PBXFileReference; lastKnownFileType = "wrapper.pb-project"; name = CrashReporter.xcodeproj; path = ../plcrashreporter/CrashReporter.xcodeproj; sourceTree = "<group>"; };
		83EE4CBC1AC58A40006292C8 /* InfinitStoredMutableDictionary.h */ = {isa = PBXFileReference; fileEncoding = 4; lastKnownFileType = sourcecode.c.h; path = InfinitStoredMutableDictionary.h; sourceTree = "<group>"; };
		83EE4CBD1AC58A40006292C8 /* InfinitStoredMutableDictionary.m */ = {isa = PBXFileReference; fileEncoding = 4; lastKnownFileType = sourcecode.c.objc; path = InfinitStoredMutableDictionary.m; sourceTree = "<group>"; };
		83F35D0B1A1CF08F00DF7F35 /* InfinitFeaturesManager.h */ = {isa = PBXFileReference; fileEncoding = 4; lastKnownFileType = sourcecode.c.h; path = InfinitFeaturesManager.h; sourceTree = "<group>"; };
		83F35D0C1A1CF08F00DF7F35 /* InfinitFeaturesManager.mm */ = {isa = PBXFileReference; fileEncoding = 4; lastKnownFileType = sourcecode.cpp.objcpp; path = InfinitFeaturesManager.mm; sourceTree = "<group>"; };
		83F35D221A1D02EE00DF7F35 /* Info.plist */ = {isa = PBXFileReference; lastKnownFileType = text.plist.xml; name = Info.plist; path = "../Gap-OSX/Info.plist"; sourceTree = "<group>"; };
		83F35D561A1D07D400DF7F35 /* Info.plist */ = {isa = PBXFileReference; fileEncoding = 4; lastKnownFileType = text.plist.xml; name = Info.plist; path = "Gap-iOS/Info.plist"; sourceTree = SOURCE_ROOT; };
		83F72CA71A1513810088106E /* InfinitLinkTransaction.h */ = {isa = PBXFileReference; fileEncoding = 4; lastKnownFileType = sourcecode.c.h; path = InfinitLinkTransaction.h; sourceTree = "<group>"; };
		83F72CA81A1513810088106E /* InfinitLinkTransaction.m */ = {isa = PBXFileReference; fileEncoding = 4; lastKnownFileType = sourcecode.c.objc; path = InfinitLinkTransaction.m; sourceTree = "<group>"; };
		83F72CAB1A1513FA0088106E /* InfinitLinkTransactionManager.h */ = {isa = PBXFileReference; fileEncoding = 4; lastKnownFileType = sourcecode.c.h; path = InfinitLinkTransactionManager.h; sourceTree = "<group>"; };
		83F72CAC1A1513FA0088106E /* InfinitLinkTransactionManager.mm */ = {isa = PBXFileReference; fileEncoding = 4; lastKnownFileType = sourcecode.cpp.objcpp; path = InfinitLinkTransactionManager.mm; sourceTree = "<group>"; };
		83F9628B1AAB10A9003F2DE7 /* NSString+PhoneNumber.h */ = {isa = PBXFileReference; fileEncoding = 4; lastKnownFileType = sourcecode.c.h; path = "NSString+PhoneNumber.h"; sourceTree = "<group>"; };
		83F9628C1AAB10A9003F2DE7 /* NSString+PhoneNumber.m */ = {isa = PBXFileReference; fileEncoding = 4; lastKnownFileType = sourcecode.c.objc; path = "NSString+PhoneNumber.m"; sourceTree = "<group>"; };
		83FB5AAC1AADBB83004D5028 /* InfinitDevice.h */ = {isa = PBXFileReference; fileEncoding = 4; lastKnownFileType = sourcecode.c.h; path = InfinitDevice.h; sourceTree = "<group>"; };
		83FB5AAD1AADBB83004D5028 /* InfinitDevice.m */ = {isa = PBXFileReference; fileEncoding = 4; lastKnownFileType = sourcecode.c.objc; path = InfinitDevice.m; sourceTree = "<group>"; };
		83FB5AB01AADBEDF004D5028 /* InfinitDeviceManager.h */ = {isa = PBXFileReference; fileEncoding = 4; lastKnownFileType = sourcecode.c.h; path = InfinitDeviceManager.h; sourceTree = "<group>"; };
		83FB5AB11AADBEDF004D5028 /* InfinitDeviceManager.m */ = {isa = PBXFileReference; fileEncoding = 4; lastKnownFileType = sourcecode.c.objc; path = InfinitDeviceManager.m; sourceTree = "<group>"; };
		83FE9C901A1636FF00FC1CFD /* InfinitAvatarManager.h */ = {isa = PBXFileReference; fileEncoding = 4; lastKnownFileType = sourcecode.c.h; path = InfinitAvatarManager.h; sourceTree = "<group>"; };
		83FE9C911A1636FF00FC1CFD /* InfinitAvatarManager.mm */ = {isa = PBXFileReference; fileEncoding = 4; lastKnownFileType = sourcecode.cpp.objcpp; path = InfinitAvatarManager.mm; sourceTree = "<group>"; };
/* End PBXFileReference section */

/* Begin PBXFrameworksBuildPhase section */
		83568D761A136D7700766DA3 /* Frameworks */ = {
			isa = PBXFrameworksBuildPhase;
			buildActionMask = 2147483647;
			files = (
				836D39851A690DFF00892206 /* libCrashReporter-iphoneos.a in Frameworks */,
			);
			runOnlyForDeploymentPostprocessing = 0;
		};
		8372B2941AB3343100F1B8B8 /* Frameworks */ = {
			isa = PBXFrameworksBuildPhase;
			buildActionMask = 2147483647;
			files = (
				83EAE9791AF15624009D2886 /* libmetaclient.dylib in Frameworks */,
				8372B32B1AB337CE00F1B8B8 /* libCrashReporter-MacOSX-Static.a in Frameworks */,
				8372B2DF1AB3349500F1B8B8 /* libc++.1.dylib in Frameworks */,
				8372B2E01AB3349500F1B8B8 /* libc++abi.dylib in Frameworks */,
				8372B2E51AB3349500F1B8B8 /* libelle.dylib in Frameworks */,
				83B4BBC71AB765E9004B8E76 /* libtransaction.dylib in Frameworks */,
				8372B2E71AB3349500F1B8B8 /* libgap.dylib in Frameworks */,
			);
			runOnlyForDeploymentPostprocessing = 0;
		};
/* End PBXFrameworksBuildPhase section */

/* Begin PBXGroup section */
		83157EEC1A73D82900F8E87F /* Directory Manager */ = {
			isa = PBXGroup;
			children = (
				83157EED1A73D84800F8E87F /* InfinitDirectoryManager.h */,
				83157EEE1A73D84800F8E87F /* InfinitDirectoryManager.mm */,
			);
			name = "Directory Manager";
			sourceTree = "<group>";
		};
		83568D6B1A136D5D00766DA3 = {
			isa = PBXGroup;
			children = (
				8372B1731AB32C7A00F1B8B8 /* Infinit Libraries */,
				83FE9C8E1A16367A00FC1CFD /* Avatars */,
				836F5C7C1A165AD2007C9C4E /* Connection */,
				836D39861A690E0800892206 /* Crash Reporter */,
				83FB5A9B1AADBB6D004D5028 /* Devices */,
				83157EEC1A73D82900F8E87F /* Directory Manager */,
				839EDA5B1A9262780005C92A /* Errors */,
				83F35D0A1A1CF07300DF7F35 /* Features */,
				83568D9B1A136DDE00766DA3 /* Gap */,
				836D39A21A694E3900892206 /* Log Manager */,
				83568D891A136D7800766DA3 /* Supporting Files */,
				839610691A24798A0044B874 /* Temporary Files */,
				83E0AC0B1A6A6180003F60C6 /* Transactions */,
				83568D9A1A136DD900766DA3 /* Users */,
				836D394C1A67F18100892206 /* Utilities */,
				836D39871A690E1100892206 /* Libraries */,
				83568D7A1A136D7700766DA3 /* Products */,
				83ECE6E11A69618C000081A6 /* CrashReporter.xcodeproj */,
			);
			sourceTree = "<group>";
		};
		83568D7A1A136D7700766DA3 /* Products */ = {
			isa = PBXGroup;
			children = (
				83568D791A136D7700766DA3 /* libGap-iOS.a */,
				8372B2981AB3343100F1B8B8 /* Gap.framework */,
			);
			name = Products;
			sourceTree = "<group>";
		};
		83568D891A136D7800766DA3 /* Supporting Files */ = {
			isa = PBXGroup;
			children = (
				83F35D391A1D032F00DF7F35 /* OS X */,
				83F35D381A1D032400DF7F35 /* iOS */,
			);
			name = "Supporting Files";
			path = "Gap-iOSTests";
			sourceTree = "<group>";
		};
		83568D9A1A136DD900766DA3 /* Users */ = {
			isa = PBXGroup;
			children = (
				83568DA01A136DF600766DA3 /* InfinitUser.h */,
				83568DA11A136DF600766DA3 /* InfinitUser.m */,
				83568DA21A136DF600766DA3 /* InfinitUserManager.h */,
				83568DA31A136DF600766DA3 /* InfinitUserManager.mm */,
			);
			name = Users;
			sourceTree = "<group>";
		};
		83568D9B1A136DDE00766DA3 /* Gap */ = {
			isa = PBXGroup;
			children = (
				83568DAC1A136E1000766DA3 /* InfinitStateManager.h */,
				83568DAD1A136E1000766DA3 /* InfinitStateManager.mm */,
				83568DAE1A136E1000766DA3 /* InfinitStateResult.h */,
				83568DAF1A136E1000766DA3 /* InfinitStateResult.m */,
				83568D9D1A136DEE00766DA3 /* InfinitStateWrapper.h */,
				83568D9E1A136DEE00766DA3 /* InfinitStateWrapper.mm */,
			);
			name = Gap;
			sourceTree = "<group>";
		};
		83568D9C1A136DE300766DA3 /* Peer Transactions */ = {
			isa = PBXGroup;
			children = (
				83568DA61A136DFF00766DA3 /* InfinitPeerTransaction.h */,
				83568DA71A136DFF00766DA3 /* InfinitPeerTransaction.m */,
				83568DA81A136DFF00766DA3 /* InfinitPeerTransactionManager.h */,
				83568DA91A136DFF00766DA3 /* InfinitPeerTransactionManager.mm */,
			);
			name = "Peer Transactions";
			sourceTree = "<group>";
		};
		836D394C1A67F18100892206 /* Utilities */ = {
			isa = PBXGroup;
			children = (
				8372B1621AB3240D00F1B8B8 /* InfinitColor.h */,
				8372B1631AB3240D00F1B8B8 /* InfinitColor.m */,
				830AD1E11A6A943D00E2B058 /* InfinitDataSize.h */,
				830AD1E21A6A943D00E2B058 /* InfinitDataSize.m */,
				839716BC1ACC0AAA00357702 /* InfinitDeviceInformation.h */,
				839716BD1ACC0AAA00357702 /* InfinitDeviceInformation.m */,
				836405ED1AB88DE9005CC50C /* InfinitKeychain.h */,
				836405EE1AB88DE9005CC50C /* InfinitKeychain.m */,
				83EE4CBC1AC58A40006292C8 /* InfinitStoredMutableDictionary.h */,
				83EE4CBD1AC58A40006292C8 /* InfinitStoredMutableDictionary.m */,
				83A7599A1AE4F1E70026FB26 /* InfinitThreadSafeDictionary.h */,
				83A7599B1AE4F1E70026FB26 /* InfinitThreadSafeDictionary.m */,
				830AD1DD1A6A8D2400E2B058 /* InfinitTime.h */,
				830AD1DE1A6A8D2400E2B058 /* InfinitTime.m */,
				836D394D1A67F19200892206 /* NSString+email.h */,
				836D394E1A67F19200892206 /* NSString+email.m */,
				83F9628B1AAB10A9003F2DE7 /* NSString+PhoneNumber.h */,
				83F9628C1AAB10A9003F2DE7 /* NSString+PhoneNumber.m */,
				83C06D691AEE324000761237 /* NSString+UUID.h */,
				83C06D6A1AEE324000761237 /* NSString+UUID.m */,
			);
			name = Utilities;
			sourceTree = "<group>";
		};
		836D39861A690E0800892206 /* Crash Reporter */ = {
			isa = PBXGroup;
			children = (
				836D39881A690E2A00892206 /* InfinitCrashReporter.h */,
				836D39891A690E2A00892206 /* InfinitCrashReporter.mm */,
			);
			name = "Crash Reporter";
			sourceTree = "<group>";
		};
		836D39871A690E1100892206 /* Libraries */ = {
			isa = PBXGroup;
			children = (
				836D39841A690DFF00892206 /* libCrashReporter-iphoneos.a */,
			);
			name = Libraries;
			sourceTree = "<group>";
		};
		836D39A21A694E3900892206 /* Log Manager */ = {
			isa = PBXGroup;
			children = (
				836D39A31A694E5500892206 /* InfinitLogManager.h */,
				836D39A41A694E5500892206 /* InfinitLogManager.mm */,
			);
			name = "Log Manager";
			sourceTree = "<group>";
		};
		836F5C7C1A165AD2007C9C4E /* Connection */ = {
			isa = PBXGroup;
			children = (
				83EBB08A1A93B6E400144BC6 /* InfinitConnectionStatus.h */,
				83EBB08B1A93B6E400144BC6 /* InfinitConnectionStatus.m */,
				836F5C7D1A165AE5007C9C4E /* InfinitConnectionManager.h */,
				836F5C7E1A165AE5007C9C4E /* InfinitConnectionManager.mm */,
				836F5C811A165B48007C9C4E /* InfinitReachability.h */,
				836F5C821A165B48007C9C4E /* InfinitReachability.m */,
			);
			name = Connection;
			sourceTree = "<group>";
		};
		8372B1731AB32C7A00F1B8B8 /* Infinit Libraries */ = {
			isa = PBXGroup;
			children = (
				8372B2BE1AB3349500F1B8B8 /* libc++.1.dylib */,
				8372B2BF1AB3349500F1B8B8 /* libc++abi.dylib */,
				8372B2C41AB3349500F1B8B8 /* libelle.dylib */,
				8372B2C61AB3349500F1B8B8 /* libgap.dylib */,
				83EAE9781AF15624009D2886 /* libmetaclient.dylib */,
				83B4BBC61AB765E9004B8E76 /* libtransaction.dylib */,
			);
			name = "Infinit Libraries";
			sourceTree = "<group>";
		};
		839610691A24798A0044B874 /* Temporary Files */ = {
			isa = PBXGroup;
			children = (
				8396106A1A2479A40044B874 /* InfinitTemporaryFileManager.h */,
				8396106B1A2479A40044B874 /* InfinitTemporaryFileManager.mm */,
				8396106E1A2479B50044B874 /* InfinitManagedFiles.h */,
				8396106F1A2479B50044B874 /* InfinitManagedFiles.m */,
			);
			name = "Temporary Files";
			sourceTree = "<group>";
		};
		839EDA5B1A9262780005C92A /* Errors */ = {
			isa = PBXGroup;
			children = (
				830778E11AD2E7920047F8E6 /* InfinitFileSystemError.h */,
				830778E21AD2E7920047F8E6 /* InfinitFileSystemError.m */,
			);
			name = Errors;
			sourceTree = "<group>";
		};
		83E0AC0B1A6A6180003F60C6 /* Transactions */ = {
			isa = PBXGroup;
			children = (
				83F72CA51A1513630088106E /* Link Transactions */,
				83568D9C1A136DE300766DA3 /* Peer Transactions */,
				83E0AC201A6A61CD003F60C6 /* InfinitTransaction.h */,
				83E0AC211A6A61CD003F60C6 /* InfinitTransaction.m */,
			);
			name = Transactions;
			sourceTree = "<group>";
		};
		83ECE6E21A69618C000081A6 /* Products */ = {
			isa = PBXGroup;
			children = (
				83ECE6F51A69618D000081A6 /* libCrashReporter-MacOSX-Static.a */,
				83ECE6F71A69618D000081A6 /* CrashReporter.framework */,
				83ECE6F91A69618D000081A6 /* CrashReporter.framework */,
				83ECE6FB1A69618D000081A6 /* libCrashReporter-iphoneos.a */,
				83ECE6FD1A69618D000081A6 /* libCrashReporter-iphonesimulator.a */,
				83ECE6FF1A69618D000081A6 /* plcrashutil */,
				83ECE7011A69618D000081A6 /* Tests-MacOSX.xctest */,
				83ECE7031A69618D000081A6 /* Tests-iOS-Simulator.xctest */,
				83ECE7051A69618D000081A6 /* Tests-iOS-Device.xctest */,
				83ECE7071A69618D000081A6 /* DemoCrash.app */,
				83ECE7091A69618D000081A6 /* DemoCrash-iOS-Device.app */,
				83ECE70B1A69618D000081A6 /* DemoCrash-iOS-Simulator.app */,
				83ECE70D1A69618D000081A6 /* Fuzz Testing */,
			);
			name = Products;
			sourceTree = "<group>";
		};
		83F35D0A1A1CF07300DF7F35 /* Features */ = {
			isa = PBXGroup;
			children = (
				83F35D0B1A1CF08F00DF7F35 /* InfinitFeaturesManager.h */,
				83F35D0C1A1CF08F00DF7F35 /* InfinitFeaturesManager.mm */,
			);
			name = Features;
			sourceTree = "<group>";
		};
		83F35D381A1D032400DF7F35 /* iOS */ = {
			isa = PBXGroup;
			children = (
				83F35D561A1D07D400DF7F35 /* Info.plist */,
			);
			name = iOS;
			sourceTree = "<group>";
		};
		83F35D391A1D032F00DF7F35 /* OS X */ = {
			isa = PBXGroup;
			children = (
				83F35D221A1D02EE00DF7F35 /* Info.plist */,
			);
			name = "OS X";
			sourceTree = "<group>";
		};
		83F72CA51A1513630088106E /* Link Transactions */ = {
			isa = PBXGroup;
			children = (
				83F72CA71A1513810088106E /* InfinitLinkTransaction.h */,
				83F72CA81A1513810088106E /* InfinitLinkTransaction.m */,
				83F72CAB1A1513FA0088106E /* InfinitLinkTransactionManager.h */,
				83F72CAC1A1513FA0088106E /* InfinitLinkTransactionManager.mm */,
			);
			name = "Link Transactions";
			sourceTree = "<group>";
		};
		83FB5A9B1AADBB6D004D5028 /* Devices */ = {
			isa = PBXGroup;
			children = (
				83FB5AAC1AADBB83004D5028 /* InfinitDevice.h */,
				83FB5AAD1AADBB83004D5028 /* InfinitDevice.m */,
				83FB5AB01AADBEDF004D5028 /* InfinitDeviceManager.h */,
				83FB5AB11AADBEDF004D5028 /* InfinitDeviceManager.m */,
			);
			name = Devices;
			sourceTree = "<group>";
		};
		83FE9C8E1A16367A00FC1CFD /* Avatars */ = {
			isa = PBXGroup;
			children = (
				83FE9C901A1636FF00FC1CFD /* InfinitAvatarManager.h */,
				83FE9C911A1636FF00FC1CFD /* InfinitAvatarManager.mm */,
			);
			name = Avatars;
			sourceTree = "<group>";
		};
/* End PBXGroup section */

/* Begin PBXHeadersBuildPhase section */
		83568DB21A136E1D00766DA3 /* Headers */ = {
			isa = PBXHeadersBuildPhase;
			buildActionMask = 2147483647;
			files = (
				836F5C831A165B48007C9C4E /* InfinitReachability.h in Headers */,
				83F4D0161A136E3C0068BEB2 /* InfinitPeerTransaction.h in Headers */,
				83F4D0171A136E3C0068BEB2 /* InfinitPeerTransactionManager.h in Headers */,
				83F4D0181A136E3C0068BEB2 /* InfinitUser.h in Headers */,
				83F35D0D1A1CF08F00DF7F35 /* InfinitFeaturesManager.h in Headers */,
				836F5C7F1A165AE5007C9C4E /* InfinitConnectionManager.h in Headers */,
				83E0AC221A6A61CD003F60C6 /* InfinitTransaction.h in Headers */,
				83F4D0141A136E3C0068BEB2 /* InfinitStateManager.h in Headers */,
				830AD1DF1A6A8D2400E2B058 /* InfinitTime.h in Headers */,
				83FE9C921A1636FF00FC1CFD /* InfinitAvatarManager.h in Headers */,
				830AD1E31A6A943D00E2B058 /* InfinitDataSize.h in Headers */,
				83A7599C1AE4F1E70026FB26 /* InfinitThreadSafeDictionary.h in Headers */,
				83F4D0151A136E3C0068BEB2 /* InfinitStateResult.h in Headers */,
				83EBB08C1A93B6E400144BC6 /* InfinitConnectionStatus.h in Headers */,
				836D398A1A690E2A00892206 /* InfinitCrashReporter.h in Headers */,
				83FB5AB21AADBEDF004D5028 /* InfinitDeviceManager.h in Headers */,
				83157EEF1A73D84800F8E87F /* InfinitDirectoryManager.h in Headers */,
				836D394F1A67F19200892206 /* NSString+email.h in Headers */,
				83376F191AEFC2C80001A61E /* InfinitKeychain.h in Headers */,
				83F9628D1AAB10A9003F2DE7 /* NSString+PhoneNumber.h in Headers */,
				8396106C1A2479A40044B874 /* InfinitTemporaryFileManager.h in Headers */,
				8372B1641AB3240D00F1B8B8 /* InfinitColor.h in Headers */,
				830778E31AD2E7920047F8E6 /* InfinitFileSystemError.h in Headers */,
				83FB5AAE1AADBB83004D5028 /* InfinitDevice.h in Headers */,
				83F72CAD1A1513FA0088106E /* InfinitLinkTransactionManager.h in Headers */,
				839610701A2479B50044B874 /* InfinitManagedFiles.h in Headers */,
				83F72CA91A1513810088106E /* InfinitLinkTransaction.h in Headers */,
				839716BE1ACC0AAA00357702 /* InfinitDeviceInformation.h in Headers */,
				836D39A51A694E5500892206 /* InfinitLogManager.h in Headers */,
				83F4D0191A136E3C0068BEB2 /* InfinitUserManager.h in Headers */,
				83F4D0131A136E3C0068BEB2 /* InfinitStateWrapper.h in Headers */,
				83EE4CBE1AC58A40006292C8 /* InfinitStoredMutableDictionary.h in Headers */,
				83C06D6B1AEE324100761237 /* NSString+UUID.h in Headers */,
			);
			runOnlyForDeploymentPostprocessing = 0;
		};
		8372B2951AB3343100F1B8B8 /* Headers */ = {
			isa = PBXHeadersBuildPhase;
			buildActionMask = 2147483647;
			files = (
				83C06D6C1AEE324100761237 /* NSString+UUID.h in Headers */,
				8372B30C1AB3354D00F1B8B8 /* InfinitAvatarManager.h in Headers */,
				8372B30D1AB3354D00F1B8B8 /* InfinitConnectionStatus.h in Headers */,
				8372B30E1AB3354D00F1B8B8 /* InfinitConnectionManager.h in Headers */,
				8372B3101AB3354D00F1B8B8 /* InfinitCrashReporter.h in Headers */,
				8372B3111AB3354D00F1B8B8 /* InfinitDevice.h in Headers */,
				8372B3121AB3354D00F1B8B8 /* InfinitDeviceManager.h in Headers */,
				8372B3131AB3354D00F1B8B8 /* InfinitDirectoryManager.h in Headers */,
				8372B3151AB3354D00F1B8B8 /* InfinitFeaturesManager.h in Headers */,
				8372B3161AB3354D00F1B8B8 /* InfinitStateManager.h in Headers */,
				8372B3171AB3354D00F1B8B8 /* InfinitStateResult.h in Headers */,
				8372B31A1AB3354D00F1B8B8 /* InfinitLinkTransaction.h in Headers */,
				8372B31B1AB3354D00F1B8B8 /* InfinitLinkTransactionManager.h in Headers */,
				8372B31C1AB3354D00F1B8B8 /* InfinitPeerTransaction.h in Headers */,
				8372B31D1AB3354D00F1B8B8 /* InfinitPeerTransactionManager.h in Headers */,
				8372B31E1AB3354D00F1B8B8 /* InfinitTransaction.h in Headers */,
				8372B31F1AB3354D00F1B8B8 /* InfinitUser.h in Headers */,
				8372B3201AB3354D00F1B8B8 /* InfinitUserManager.h in Headers */,
				8372B3211AB3354D00F1B8B8 /* InfinitColor.h in Headers */,
				8372B3221AB3354D00F1B8B8 /* InfinitDataSize.h in Headers */,
				8372B3231AB3354D00F1B8B8 /* InfinitTime.h in Headers */,
				8372B3241AB3354D00F1B8B8 /* NSString+email.h in Headers */,
				83A7599D1AE4F1E70026FB26 /* InfinitThreadSafeDictionary.h in Headers */,
				830778F41AD2EAC10047F8E6 /* InfinitFileSystemError.h in Headers */,
				8372B3251AB3354E00F1B8B8 /* NSString+PhoneNumber.h in Headers */,
				8372B30F1AB3354D00F1B8B8 /* InfinitReachability.h in Headers */,
				8372B3181AB3354D00F1B8B8 /* InfinitStateWrapper.h in Headers */,
				839716D01ACC0DAD00357702 /* InfinitDeviceInformation.h in Headers */,
				8372B3191AB3354D00F1B8B8 /* InfinitLogManager.h in Headers */,
			);
			runOnlyForDeploymentPostprocessing = 0;
		};
/* End PBXHeadersBuildPhase section */

/* Begin PBXNativeTarget section */
		83568D781A136D7700766DA3 /* Gap-iOS */ = {
			isa = PBXNativeTarget;
			buildConfigurationList = 83568D8B1A136D7800766DA3 /* Build configuration list for PBXNativeTarget "Gap-iOS" */;
			buildPhases = (
				83568D751A136D7700766DA3 /* Sources */,
				83568DB21A136E1D00766DA3 /* Headers */,
				83568D761A136D7700766DA3 /* Frameworks */,
				83568D771A136D7700766DA3 /* CopyFiles */,
			);
			buildRules = (
			);
			dependencies = (
			);
			name = "Gap-iOS";
			productName = "Gap-iOS";
			productReference = 83568D791A136D7700766DA3 /* libGap-iOS.a */;
			productType = "com.apple.product-type.library.static";
		};
		8372B2971AB3343100F1B8B8 /* Gap-OSX */ = {
			isa = PBXNativeTarget;
			buildConfigurationList = 8372B2AB1AB3343100F1B8B8 /* Build configuration list for PBXNativeTarget "Gap-OSX" */;
			buildPhases = (
				8372B2931AB3343100F1B8B8 /* Sources */,
				8372B2941AB3343100F1B8B8 /* Frameworks */,
				8372B2951AB3343100F1B8B8 /* Headers */,
				8372B2961AB3343100F1B8B8 /* Resources */,
			);
			buildRules = (
			);
			dependencies = (
				8372B32A1AB3375D00F1B8B8 /* PBXTargetDependency */,
			);
			name = "Gap-OSX";
			productName = "Gap-OSX";
			productReference = 8372B2981AB3343100F1B8B8 /* Gap.framework */;
			productType = "com.apple.product-type.framework";
		};
/* End PBXNativeTarget section */

/* Begin PBXProject section */
		83568D6C1A136D5D00766DA3 /* Project object */ = {
			isa = PBXProject;
			attributes = {
				LastUpgradeCheck = 0610;
				TargetAttributes = {
					83568D781A136D7700766DA3 = {
						CreatedOnToolsVersion = 6.1;
					};
					8372B2971AB3343100F1B8B8 = {
						CreatedOnToolsVersion = 6.2;
					};
				};
			};
			buildConfigurationList = 83568D6F1A136D5D00766DA3 /* Build configuration list for PBXProject "Gap" */;
			compatibilityVersion = "Xcode 3.2";
			developmentRegion = English;
			hasScannedForEncodings = 0;
			knownRegions = (
				en,
			);
			mainGroup = 83568D6B1A136D5D00766DA3;
			productRefGroup = 83568D7A1A136D7700766DA3 /* Products */;
			projectDirPath = "";
			projectReferences = (
				{
					ProductGroup = 83ECE6E21A69618C000081A6 /* Products */;
					ProjectRef = 83ECE6E11A69618C000081A6 /* CrashReporter.xcodeproj */;
				},
			);
			projectRoot = "";
			targets = (
				83568D781A136D7700766DA3 /* Gap-iOS */,
				8372B2971AB3343100F1B8B8 /* Gap-OSX */,
			);
		};
/* End PBXProject section */

/* Begin PBXReferenceProxy section */
		83ECE6F51A69618D000081A6 /* libCrashReporter-MacOSX-Static.a */ = {
			isa = PBXReferenceProxy;
			fileType = archive.ar;
			path = "libCrashReporter-MacOSX-Static.a";
			remoteRef = 83ECE6F41A69618D000081A6 /* PBXContainerItemProxy */;
			sourceTree = BUILT_PRODUCTS_DIR;
		};
		83ECE6F71A69618D000081A6 /* CrashReporter.framework */ = {
			isa = PBXReferenceProxy;
			fileType = wrapper.framework;
			path = CrashReporter.framework;
			remoteRef = 83ECE6F61A69618D000081A6 /* PBXContainerItemProxy */;
			sourceTree = BUILT_PRODUCTS_DIR;
		};
		83ECE6F91A69618D000081A6 /* CrashReporter.framework */ = {
			isa = PBXReferenceProxy;
			fileType = wrapper.framework;
			path = CrashReporter.framework;
			remoteRef = 83ECE6F81A69618D000081A6 /* PBXContainerItemProxy */;
			sourceTree = BUILT_PRODUCTS_DIR;
		};
		83ECE6FB1A69618D000081A6 /* libCrashReporter-iphoneos.a */ = {
			isa = PBXReferenceProxy;
			fileType = archive.ar;
			path = "libCrashReporter-iphoneos.a";
			remoteRef = 83ECE6FA1A69618D000081A6 /* PBXContainerItemProxy */;
			sourceTree = BUILT_PRODUCTS_DIR;
		};
		83ECE6FD1A69618D000081A6 /* libCrashReporter-iphonesimulator.a */ = {
			isa = PBXReferenceProxy;
			fileType = archive.ar;
			path = "libCrashReporter-iphonesimulator.a";
			remoteRef = 83ECE6FC1A69618D000081A6 /* PBXContainerItemProxy */;
			sourceTree = BUILT_PRODUCTS_DIR;
		};
		83ECE6FF1A69618D000081A6 /* plcrashutil */ = {
			isa = PBXReferenceProxy;
			fileType = "compiled.mach-o.executable";
			path = plcrashutil;
			remoteRef = 83ECE6FE1A69618D000081A6 /* PBXContainerItemProxy */;
			sourceTree = BUILT_PRODUCTS_DIR;
		};
		83ECE7011A69618D000081A6 /* Tests-MacOSX.xctest */ = {
			isa = PBXReferenceProxy;
			fileType = wrapper.cfbundle;
			path = "Tests-MacOSX.xctest";
			remoteRef = 83ECE7001A69618D000081A6 /* PBXContainerItemProxy */;
			sourceTree = BUILT_PRODUCTS_DIR;
		};
		83ECE7031A69618D000081A6 /* Tests-iOS-Simulator.xctest */ = {
			isa = PBXReferenceProxy;
			fileType = wrapper.cfbundle;
			path = "Tests-iOS-Simulator.xctest";
			remoteRef = 83ECE7021A69618D000081A6 /* PBXContainerItemProxy */;
			sourceTree = BUILT_PRODUCTS_DIR;
		};
		83ECE7051A69618D000081A6 /* Tests-iOS-Device.xctest */ = {
			isa = PBXReferenceProxy;
			fileType = wrapper.cfbundle;
			path = "Tests-iOS-Device.xctest";
			remoteRef = 83ECE7041A69618D000081A6 /* PBXContainerItemProxy */;
			sourceTree = BUILT_PRODUCTS_DIR;
		};
		83ECE7071A69618D000081A6 /* DemoCrash.app */ = {
			isa = PBXReferenceProxy;
			fileType = wrapper.application;
			path = DemoCrash.app;
			remoteRef = 83ECE7061A69618D000081A6 /* PBXContainerItemProxy */;
			sourceTree = BUILT_PRODUCTS_DIR;
		};
		83ECE7091A69618D000081A6 /* DemoCrash-iOS-Device.app */ = {
			isa = PBXReferenceProxy;
			fileType = wrapper.application;
			path = "DemoCrash-iOS-Device.app";
			remoteRef = 83ECE7081A69618D000081A6 /* PBXContainerItemProxy */;
			sourceTree = BUILT_PRODUCTS_DIR;
		};
		83ECE70B1A69618D000081A6 /* DemoCrash-iOS-Simulator.app */ = {
			isa = PBXReferenceProxy;
			fileType = wrapper.application;
			path = "DemoCrash-iOS-Simulator.app";
			remoteRef = 83ECE70A1A69618D000081A6 /* PBXContainerItemProxy */;
			sourceTree = BUILT_PRODUCTS_DIR;
		};
		83ECE70D1A69618D000081A6 /* Fuzz Testing */ = {
			isa = PBXReferenceProxy;
			fileType = "compiled.mach-o.executable";
			path = "Fuzz Testing";
			remoteRef = 83ECE70C1A69618D000081A6 /* PBXContainerItemProxy */;
			sourceTree = BUILT_PRODUCTS_DIR;
		};
/* End PBXReferenceProxy section */

/* Begin PBXResourcesBuildPhase section */
		8372B2961AB3343100F1B8B8 /* Resources */ = {
			isa = PBXResourcesBuildPhase;
			buildActionMask = 2147483647;
			files = (
			);
			runOnlyForDeploymentPostprocessing = 0;
		};
/* End PBXResourcesBuildPhase section */

/* Begin PBXSourcesBuildPhase section */
		83568D751A136D7700766DA3 /* Sources */ = {
			isa = PBXSourcesBuildPhase;
			buildActionMask = 2147483647;
			files = (
				83376F1A1AEFC2DD0001A61E /* InfinitKeychain.m in Sources */,
				83F72CAE1A1513FA0088106E /* InfinitLinkTransactionManager.mm in Sources */,
				839610711A2479B50044B874 /* InfinitManagedFiles.m in Sources */,
				83EE4CBF1AC58A40006292C8 /* InfinitStoredMutableDictionary.m in Sources */,
				83A7599E1AE4F1E70026FB26 /* InfinitThreadSafeDictionary.m in Sources */,
				83C06D6D1AEE324100761237 /* NSString+UUID.m in Sources */,
				83F72CAA1A1513810088106E /* InfinitLinkTransaction.m in Sources */,
				83568DA41A136DF600766DA3 /* InfinitUser.m in Sources */,
				83568DB01A136E1000766DA3 /* InfinitStateManager.mm in Sources */,
				83FE9C931A1636FF00FC1CFD /* InfinitAvatarManager.mm in Sources */,
				836D39501A67F19200892206 /* NSString+email.m in Sources */,
				83FB5AB31AADBEDF004D5028 /* InfinitDeviceManager.m in Sources */,
				836F5C801A165AE5007C9C4E /* InfinitConnectionManager.mm in Sources */,
				836F5C841A165B48007C9C4E /* InfinitReachability.m in Sources */,
				836D398B1A690E2A00892206 /* InfinitCrashReporter.mm in Sources */,
				83568DB11A136E1000766DA3 /* InfinitStateResult.m in Sources */,
				839716BF1ACC0AAA00357702 /* InfinitDeviceInformation.m in Sources */,
				83568DAB1A136DFF00766DA3 /* InfinitPeerTransactionManager.mm in Sources */,
				830AD1E41A6A943D00E2B058 /* InfinitDataSize.m in Sources */,
				83EBB08D1A93B6E400144BC6 /* InfinitConnectionStatus.m in Sources */,
				836D39A61A694E5500892206 /* InfinitLogManager.mm in Sources */,
				83F9628E1AAB10A9003F2DE7 /* NSString+PhoneNumber.m in Sources */,
				830778E41AD2E7920047F8E6 /* InfinitFileSystemError.m in Sources */,
				8396106D1A2479A40044B874 /* InfinitTemporaryFileManager.mm in Sources */,
				83F35D0E1A1CF08F00DF7F35 /* InfinitFeaturesManager.mm in Sources */,
				83FB5AAF1AADBB83004D5028 /* InfinitDevice.m in Sources */,
				83E0AC231A6A61CD003F60C6 /* InfinitTransaction.m in Sources */,
				830AD1E01A6A8D2400E2B058 /* InfinitTime.m in Sources */,
				83568D9F1A136DEE00766DA3 /* InfinitStateWrapper.mm in Sources */,
				83568DAA1A136DFF00766DA3 /* InfinitPeerTransaction.m in Sources */,
				83568DA51A136DF600766DA3 /* InfinitUserManager.mm in Sources */,
				83157EF01A73D84800F8E87F /* InfinitDirectoryManager.mm in Sources */,
				8372B1661AB3240D00F1B8B8 /* InfinitColor.m in Sources */,
			);
			runOnlyForDeploymentPostprocessing = 0;
		};
		8372B2931AB3343100F1B8B8 /* Sources */ = {
			isa = PBXSourcesBuildPhase;
			buildActionMask = 2147483647;
			files = (
				830778F51AD2EACD0047F8E6 /* InfinitFileSystemError.m in Sources */,
				839716CF1ACC0DA100357702 /* InfinitDeviceInformation.m in Sources */,
				8372B2F31AB3353B00F1B8B8 /* InfinitAvatarManager.mm in Sources */,
				8372B2F41AB3353B00F1B8B8 /* InfinitConnectionStatus.m in Sources */,
				8372B2F51AB3353B00F1B8B8 /* InfinitConnectionManager.mm in Sources */,
				8372B2F61AB3353B00F1B8B8 /* InfinitReachability.m in Sources */,
				8372B2F71AB3353B00F1B8B8 /* InfinitCrashReporter.mm in Sources */,
				8372B2F81AB3353B00F1B8B8 /* InfinitDevice.m in Sources */,
				8372B2F91AB3353B00F1B8B8 /* InfinitDeviceManager.m in Sources */,
				8372B2FA1AB3353B00F1B8B8 /* InfinitDirectoryManager.mm in Sources */,
				8372B2FB1AB3353B00F1B8B8 /* InfinitFeaturesManager.mm in Sources */,
				8372B2FC1AB3353B00F1B8B8 /* InfinitStateManager.mm in Sources */,
				8372B2FD1AB3353B00F1B8B8 /* InfinitStateResult.m in Sources */,
				8372B2FE1AB3353B00F1B8B8 /* InfinitStateWrapper.mm in Sources */,
				8372B2FF1AB3353B00F1B8B8 /* InfinitLogManager.mm in Sources */,
				8372B3001AB3353B00F1B8B8 /* InfinitLinkTransaction.m in Sources */,
				8372B3011AB3353B00F1B8B8 /* InfinitLinkTransactionManager.mm in Sources */,
				8372B3021AB3353B00F1B8B8 /* InfinitPeerTransaction.m in Sources */,
				83A7599F1AE4F1E70026FB26 /* InfinitThreadSafeDictionary.m in Sources */,
				8372B3031AB3353B00F1B8B8 /* InfinitPeerTransactionManager.mm in Sources */,
				8372B3041AB3353B00F1B8B8 /* InfinitTransaction.m in Sources */,
				8372B3051AB3353B00F1B8B8 /* InfinitUser.m in Sources */,
				8372B3061AB3353B00F1B8B8 /* InfinitUserManager.mm in Sources */,
				8372B3071AB3353B00F1B8B8 /* InfinitColor.m in Sources */,
				83C06D6E1AEE324100761237 /* NSString+UUID.m in Sources */,
				8372B3081AB3353B00F1B8B8 /* InfinitDataSize.m in Sources */,
				8372B3091AB3353B00F1B8B8 /* InfinitTime.m in Sources */,
				8372B30A1AB3353B00F1B8B8 /* NSString+email.m in Sources */,
				8372B30B1AB3353B00F1B8B8 /* NSString+PhoneNumber.m in Sources */,
			);
			runOnlyForDeploymentPostprocessing = 0;
		};
/* End PBXSourcesBuildPhase section */

/* Begin PBXTargetDependency section */
		8372B32A1AB3375D00F1B8B8 /* PBXTargetDependency */ = {
			isa = PBXTargetDependency;
			name = "CrashReporter-MacOSX-Static";
			targetProxy = 8372B3291AB3375D00F1B8B8 /* PBXContainerItemProxy */;
		};
/* End PBXTargetDependency section */

/* Begin XCBuildConfiguration section */
		83568D701A136D5D00766DA3 /* Debug */ = {
			isa = XCBuildConfiguration;
			buildSettings = {
				HEADER_SEARCH_PATHS = (
					"$(inherited)",
					/Applications/Xcode.app/Contents/Developer/Toolchains/XcodeDefault.xctoolchain/usr/include,
					../../../elle/das/src,
					../../../elle/elle/src,
					../../../fist/src,
					../../../oracles/src,
					../../../oracles/meta/client/src,
					../plcrashreporter/Source,
				);
				PRIVATE_HEADERS_FOLDER_PATH = "$(PUBLIC_HEADERS_FOLDER_PATH)/Private";
				PUBLIC_HEADERS_FOLDER_PATH = include/Gap;
			};
			name = Debug;
		};
		83568D711A136D5D00766DA3 /* Release */ = {
			isa = XCBuildConfiguration;
			buildSettings = {
				HEADER_SEARCH_PATHS = (
					"$(inherited)",
					/Applications/Xcode.app/Contents/Developer/Toolchains/XcodeDefault.xctoolchain/usr/include,
					../../../elle/das/src,
					../../../elle/elle/src,
					../../../fist/src,
					../../../oracles/src,
					../../../oracles/meta/client/src,
					../plcrashreporter/Source,
				);
				PRIVATE_HEADERS_FOLDER_PATH = "$(PUBLIC_HEADERS_FOLDER_PATH)/Private";
				PUBLIC_HEADERS_FOLDER_PATH = include/Gap;
			};
			name = Release;
		};
		83568D8C1A136D7800766DA3 /* Debug */ = {
			isa = XCBuildConfiguration;
			buildSettings = {
				ALWAYS_SEARCH_USER_PATHS = NO;
				CLANG_CXX_LANGUAGE_STANDARD = "gnu++0x";
				CLANG_CXX_LIBRARY = "libc++";
				CLANG_ENABLE_MODULES = YES;
				CLANG_ENABLE_OBJC_ARC = YES;
				CLANG_WARN_BOOL_CONVERSION = YES;
				CLANG_WARN_CONSTANT_CONVERSION = YES;
				CLANG_WARN_DIRECT_OBJC_ISA_USAGE = YES_ERROR;
				CLANG_WARN_EMPTY_BODY = YES;
				CLANG_WARN_ENUM_CONVERSION = YES;
				CLANG_WARN_INT_CONVERSION = YES;
				CLANG_WARN_OBJC_ROOT_CLASS = YES_ERROR;
				CLANG_WARN_UNREACHABLE_CODE = YES;
				CLANG_WARN__DUPLICATE_METHOD_MATCH = YES;
				COPY_PHASE_STRIP = NO;
				DEBUG_INFORMATION_FORMAT = dwarf;
				ENABLE_STRICT_OBJC_MSGSEND = YES;
				GCC_C_LANGUAGE_STANDARD = gnu99;
				GCC_DYNAMIC_NO_PIC = NO;
				GCC_OPTIMIZATION_LEVEL = 0;
				GCC_PREPROCESSOR_DEFINITIONS = (
					"DEBUG=1",
					"$(inherited)",
				);
				GCC_SYMBOLS_PRIVATE_EXTERN = NO;
				GCC_WARN_64_TO_32_BIT_CONVERSION = YES;
				GCC_WARN_ABOUT_RETURN_TYPE = YES_ERROR;
				GCC_WARN_UNDECLARED_SELECTOR = YES;
				GCC_WARN_UNINITIALIZED_AUTOS = YES_AGGRESSIVE;
				GCC_WARN_UNUSED_FUNCTION = YES;
				GCC_WARN_UNUSED_VARIABLE = YES;
				HEADER_SEARCH_PATHS = (
					"$(inherited)",
					/Applications/Xcode.app/Contents/Developer/Toolchains/XcodeDefault.xctoolchain/usr/include,
					../../../_build/ios/fist/src,
					../../../_build/ios/elle/boost/include,
					../../../_build/ios/oracles/src,
				);
				IPHONEOS_DEPLOYMENT_TARGET = 8.1;
				LIBRARY_SEARCH_PATHS = (
					"$(inherited)",
					"/Users/chris/sandbox/ios-infinit/surface/ios/plcrashreporter/build/Debug-iphoneos",
				);
				MTL_ENABLE_DEBUG_INFO = YES;
				ONLY_ACTIVE_ARCH = YES;
				OTHER_LDFLAGS = "-ObjC";
				PRODUCT_NAME = "$(TARGET_NAME)";
				SDKROOT = iphoneos;
				SKIP_INSTALL = YES;
				VALID_ARCHS = "$(ARCHS_STANDARD)";
			};
			name = Debug;
		};
		83568D8D1A136D7800766DA3 /* Release */ = {
			isa = XCBuildConfiguration;
			buildSettings = {
				ALWAYS_SEARCH_USER_PATHS = NO;
				CLANG_CXX_LANGUAGE_STANDARD = "gnu++0x";
				CLANG_CXX_LIBRARY = "libc++";
				CLANG_ENABLE_MODULES = YES;
				CLANG_ENABLE_OBJC_ARC = YES;
				CLANG_WARN_BOOL_CONVERSION = YES;
				CLANG_WARN_CONSTANT_CONVERSION = YES;
				CLANG_WARN_DIRECT_OBJC_ISA_USAGE = YES_ERROR;
				CLANG_WARN_EMPTY_BODY = YES;
				CLANG_WARN_ENUM_CONVERSION = YES;
				CLANG_WARN_INT_CONVERSION = YES;
				CLANG_WARN_OBJC_ROOT_CLASS = YES_ERROR;
				CLANG_WARN_UNREACHABLE_CODE = YES;
				CLANG_WARN__DUPLICATE_METHOD_MATCH = YES;
				COPY_PHASE_STRIP = YES;
				ENABLE_NS_ASSERTIONS = NO;
				ENABLE_STRICT_OBJC_MSGSEND = YES;
				GCC_C_LANGUAGE_STANDARD = gnu99;
				GCC_WARN_64_TO_32_BIT_CONVERSION = YES;
				GCC_WARN_ABOUT_RETURN_TYPE = YES_ERROR;
				GCC_WARN_UNDECLARED_SELECTOR = YES;
				GCC_WARN_UNINITIALIZED_AUTOS = YES_AGGRESSIVE;
				GCC_WARN_UNUSED_FUNCTION = YES;
				GCC_WARN_UNUSED_VARIABLE = YES;
				HEADER_SEARCH_PATHS = (
					"$(inherited)",
					/Applications/Xcode.app/Contents/Developer/Toolchains/XcodeDefault.xctoolchain/usr/include,
					../../../_build/ios/fist/src,
					../../../_build/ios/elle/boost/include,
					../../../_build/ios/oracles/src,
				);
				IPHONEOS_DEPLOYMENT_TARGET = 8.1;
				LIBRARY_SEARCH_PATHS = (
					"$(inherited)",
					"/Users/chris/sandbox/ios-infinit/surface/ios/plcrashreporter/build/Debug-iphoneos",
				);
				MTL_ENABLE_DEBUG_INFO = NO;
				ONLY_ACTIVE_ARCH = NO;
				OTHER_LDFLAGS = "-ObjC";
				PRODUCT_NAME = "$(TARGET_NAME)";
				SDKROOT = iphoneos;
				SKIP_INSTALL = YES;
				VALIDATE_PRODUCT = YES;
				VALID_ARCHS = "$(ARCHS_STANDARD)";
			};
			name = Release;
		};
		8372B2AC1AB3343100F1B8B8 /* Debug */ = {
			isa = XCBuildConfiguration;
			buildSettings = {
				ALWAYS_SEARCH_USER_PATHS = YES;
				CLANG_CXX_LANGUAGE_STANDARD = "gnu++0x";
				CLANG_CXX_LIBRARY = "libc++";
				CLANG_ENABLE_MODULES = YES;
				CLANG_ENABLE_OBJC_ARC = YES;
				CLANG_WARN_BOOL_CONVERSION = YES;
				CLANG_WARN_CONSTANT_CONVERSION = YES;
				CLANG_WARN_DIRECT_OBJC_ISA_USAGE = YES_ERROR;
				CLANG_WARN_EMPTY_BODY = YES;
				CLANG_WARN_ENUM_CONVERSION = YES;
				CLANG_WARN_INT_CONVERSION = YES;
				CLANG_WARN_OBJC_ROOT_CLASS = YES_ERROR;
				CLANG_WARN_UNREACHABLE_CODE = YES;
				CLANG_WARN__DUPLICATE_METHOD_MATCH = YES;
				COMBINE_HIDPI_IMAGES = YES;
				COPY_PHASE_STRIP = NO;
				CURRENT_PROJECT_VERSION = 1;
				DEFINES_MODULE = YES;
				DYLIB_COMPATIBILITY_VERSION = 1;
				DYLIB_CURRENT_VERSION = 1;
				DYLIB_INSTALL_NAME_BASE = "@rpath";
				ENABLE_STRICT_OBJC_MSGSEND = YES;
				FRAMEWORK_VERSION = A;
				GCC_C_LANGUAGE_STANDARD = gnu99;
				GCC_DYNAMIC_NO_PIC = NO;
				GCC_OPTIMIZATION_LEVEL = 0;
				GCC_PREPROCESSOR_DEFINITIONS = (
					"DEBUG=1",
					"$(inherited)",
				);
				GCC_SYMBOLS_PRIVATE_EXTERN = NO;
				GCC_WARN_64_TO_32_BIT_CONVERSION = YES;
				GCC_WARN_ABOUT_RETURN_TYPE = YES_ERROR;
				GCC_WARN_UNDECLARED_SELECTOR = YES;
				GCC_WARN_UNINITIALIZED_AUTOS = YES_AGGRESSIVE;
				GCC_WARN_UNUSED_FUNCTION = YES;
				GCC_WARN_UNUSED_VARIABLE = YES;
				HEADER_SEARCH_PATHS = (
					"$(inherited)",
					/Applications/Xcode.app/Contents/Developer/Toolchains/XcodeDefault.xctoolchain/usr/include,
					../../../elle/elle/src,
					../../../fist/src,
					../../../oracles/src,
					../plcrashreporter/Source,
				);
				INFOPLIST_FILE = "Gap-OSX/Info.plist";
				INSTALL_PATH = "$(LOCAL_LIBRARY_DIR)/Frameworks";
				LD_RUNPATH_SEARCH_PATHS = "$(inherited) @executable_path/../Frameworks @loader_path/Frameworks";
				LIBRARY_SEARCH_PATHS = (
					"$(inherited)",
					../../../_build/macosx64/lib,
					/Users/chris/sandbox/infinit/_build/macosx64/lib,
				);
				LINKER_DISPLAYS_MANGLED_NAMES = YES;
				MACOSX_DEPLOYMENT_TARGET = 10.7;
				MTL_ENABLE_DEBUG_INFO = YES;
				ONLY_ACTIVE_ARCH = YES;
				PRODUCT_NAME = Gap;
				SDKROOT = macosx;
				SKIP_INSTALL = YES;
				STRIP_INSTALLED_PRODUCT = YES;
				USER_HEADER_SEARCH_PATHS = "../../../_build/macosx64/elle/boost/include ../../../_build/macosx64/fist/src ../../../_build/macosx64/oracles/src";
				VALID_ARCHS = x86_64;
				VERSIONING_SYSTEM = "apple-generic";
				VERSION_INFO_PREFIX = "";
			};
			name = Debug;
		};
		8372B2AD1AB3343100F1B8B8 /* Release */ = {
			isa = XCBuildConfiguration;
			buildSettings = {
				ALWAYS_SEARCH_USER_PATHS = YES;
				CLANG_CXX_LANGUAGE_STANDARD = "gnu++0x";
				CLANG_CXX_LIBRARY = "libc++";
				CLANG_ENABLE_MODULES = YES;
				CLANG_ENABLE_OBJC_ARC = YES;
				CLANG_WARN_BOOL_CONVERSION = YES;
				CLANG_WARN_CONSTANT_CONVERSION = YES;
				CLANG_WARN_DIRECT_OBJC_ISA_USAGE = YES_ERROR;
				CLANG_WARN_EMPTY_BODY = YES;
				CLANG_WARN_ENUM_CONVERSION = YES;
				CLANG_WARN_INT_CONVERSION = YES;
				CLANG_WARN_OBJC_ROOT_CLASS = YES_ERROR;
				CLANG_WARN_UNREACHABLE_CODE = YES;
				CLANG_WARN__DUPLICATE_METHOD_MATCH = YES;
				COMBINE_HIDPI_IMAGES = YES;
				COPY_PHASE_STRIP = NO;
				CURRENT_PROJECT_VERSION = 1;
				DEBUG_INFORMATION_FORMAT = "dwarf-with-dsym";
				DEFINES_MODULE = YES;
				DYLIB_COMPATIBILITY_VERSION = 1;
				DYLIB_CURRENT_VERSION = 1;
				DYLIB_INSTALL_NAME_BASE = "@rpath";
				ENABLE_NS_ASSERTIONS = NO;
				ENABLE_STRICT_OBJC_MSGSEND = YES;
				FRAMEWORK_VERSION = A;
				GCC_C_LANGUAGE_STANDARD = gnu99;
				GCC_WARN_64_TO_32_BIT_CONVERSION = YES;
				GCC_WARN_ABOUT_RETURN_TYPE = YES_ERROR;
				GCC_WARN_UNDECLARED_SELECTOR = YES;
				GCC_WARN_UNINITIALIZED_AUTOS = YES_AGGRESSIVE;
				GCC_WARN_UNUSED_FUNCTION = YES;
				GCC_WARN_UNUSED_VARIABLE = YES;
				HEADER_SEARCH_PATHS = (
					"$(inherited)",
					/Applications/Xcode.app/Contents/Developer/Toolchains/XcodeDefault.xctoolchain/usr/include,
					../../../elle/elle/src,
					../../../fist/src,
					../../../oracles/src,
					../plcrashreporter/Source,
				);
				INFOPLIST_FILE = "Gap-OSX/Info.plist";
				INSTALL_PATH = "$(LOCAL_LIBRARY_DIR)/Frameworks";
				LD_RUNPATH_SEARCH_PATHS = "$(inherited) @executable_path/../Frameworks @loader_path/Frameworks";
				LIBRARY_SEARCH_PATHS = (
					"$(inherited)",
					../../../_build/macosx64/lib,
					/Users/chris/sandbox/infinit/_build/macosx64/lib,
				);
				LINKER_DISPLAYS_MANGLED_NAMES = YES;
				MACOSX_DEPLOYMENT_TARGET = 10.7;
				MTL_ENABLE_DEBUG_INFO = NO;
				PRODUCT_NAME = Gap;
				SDKROOT = macosx;
				SKIP_INSTALL = YES;
				STRIP_INSTALLED_PRODUCT = YES;
				USER_HEADER_SEARCH_PATHS = "../../../_build/macosx64/elle/boost/include ../../../_build/macosx64/fist/src ../../../_build/macosx64/oracles/src";
				VALID_ARCHS = x86_64;
				VERSIONING_SYSTEM = "apple-generic";
				VERSION_INFO_PREFIX = "";
			};
			name = Release;
		};
/* End XCBuildConfiguration section */

/* Begin XCConfigurationList section */
		83568D6F1A136D5D00766DA3 /* Build configuration list for PBXProject "Gap" */ = {
			isa = XCConfigurationList;
			buildConfigurations = (
				83568D701A136D5D00766DA3 /* Debug */,
				83568D711A136D5D00766DA3 /* Release */,
			);
			defaultConfigurationIsVisible = 0;
			defaultConfigurationName = Release;
		};
		83568D8B1A136D7800766DA3 /* Build configuration list for PBXNativeTarget "Gap-iOS" */ = {
			isa = XCConfigurationList;
			buildConfigurations = (
				83568D8C1A136D7800766DA3 /* Debug */,
				83568D8D1A136D7800766DA3 /* Release */,
			);
			defaultConfigurationIsVisible = 0;
			defaultConfigurationName = Release;
		};
		8372B2AB1AB3343100F1B8B8 /* Build configuration list for PBXNativeTarget "Gap-OSX" */ = {
			isa = XCConfigurationList;
			buildConfigurations = (
				8372B2AC1AB3343100F1B8B8 /* Debug */,
				8372B2AD1AB3343100F1B8B8 /* Release */,
			);
			defaultConfigurationIsVisible = 0;
			defaultConfigurationName = Release;
		};
/* End XCConfigurationList section */
	};
	rootObject = 83568D6C1A136D5D00766DA3 /* Project object */;
}
